// !$*UTF8*$!
{
	archiveVersion = 1;
	classes = {
	};
	objectVersion = 56;
	objects = {

/* Begin PBXBuildFile section */
		C506F0B92B5FBECF0031F4D2 /* DataHelper.swift in Sources */ = {isa = PBXBuildFile; fileRef = C506F0B82B5FBECF0031F4D2 /* DataHelper.swift */; };
		C5091C7D2B5C4D8A0091896F /* MacboardApp.swift in Sources */ = {isa = PBXBuildFile; fileRef = C5091C7C2B5C4D8A0091896F /* MacboardApp.swift */; };
		C5091C812B5C4D8B0091896F /* Assets.xcassets in Resources */ = {isa = PBXBuildFile; fileRef = C5091C802B5C4D8B0091896F /* Assets.xcassets */; };
		C5230DCF2B6B6E7900B6E8F7 /* View++.swift in Sources */ = {isa = PBXBuildFile; fileRef = C5230DCE2B6B6E7900B6E8F7 /* View++.swift */; };
		C53410782B8F354E007C55EA /* Defaults in Frameworks */ = {isa = PBXBuildFile; productRef = C53410772B8F354E007C55EA /* Defaults */; };
		C534107A2B8F3B0E007C55EA /* Defaults++.swift in Sources */ = {isa = PBXBuildFile; fileRef = C53410792B8F3B0E007C55EA /* Defaults++.swift */; };
		C534107C2B8F48BF007C55EA /* StorageSettingsView.swift in Sources */ = {isa = PBXBuildFile; fileRef = C534107B2B8F48BF007C55EA /* StorageSettingsView.swift */; };
		C534107E2B8F6340007C55EA /* KeyboardSettingsView.swift in Sources */ = {isa = PBXBuildFile; fileRef = C534107D2B8F6340007C55EA /* KeyboardSettingsView.swift */; };
		C53410802B8F63CB007C55EA /* KeyboardShortcuts++.swift in Sources */ = {isa = PBXBuildFile; fileRef = C534107F2B8F63CB007C55EA /* KeyboardShortcuts++.swift */; };
		C553CEDC2B5C57BB00EC82F1 /* ClipboardItems.swift in Sources */ = {isa = PBXBuildFile; fileRef = C553CEDB2B5C57BB00EC82F1 /* ClipboardItems.swift */; };
		C55671C32B985CAC007744A1 /* Sparkle in Frameworks */ = {isa = PBXBuildFile; productRef = C55671C22B985CAC007744A1 /* Sparkle */; };
		C5628C912BA463C300F32F5B /* Color+Hex.swift in Sources */ = {isa = PBXBuildFile; fileRef = C5628C902BA463C300F32F5B /* Color+Hex.swift */; };
		C56E675E2B6B9BC800AE7CE7 /* ClipboardItem.xcdatamodeld in Sources */ = {isa = PBXBuildFile; fileRef = C56E675C2B6B9BC800AE7CE7 /* ClipboardItem.xcdatamodeld */; };
		C57241EA2B67CF5900703101 /* MacboardTests.swift in Sources */ = {isa = PBXBuildFile; fileRef = C57241E92B67CF5900703101 /* MacboardTests.swift */; };
		C57800942B7C7BF900B40EEC /* AppDelegate.swift in Sources */ = {isa = PBXBuildFile; fileRef = C57800932B7C7BF900B40EEC /* AppDelegate.swift */; };
		C57800972B7C7DE100B40EEC /* PopupView in Frameworks */ = {isa = PBXBuildFile; productRef = C57800962B7C7DE100B40EEC /* PopupView */; };
		C57F29472B9AB03600228B6D /* Accessibility.swift in Sources */ = {isa = PBXBuildFile; fileRef = C57F29462B9AB03600228B6D /* Accessibility.swift */; };
		C57F29492B9ABD7E00228B6D /* Updates.swift in Sources */ = {isa = PBXBuildFile; fileRef = C57F29482B9ABD7E00228B6D /* Updates.swift */; };
		C58C169D2B8E051F00BDBD7A /* LaunchAtLogin in Frameworks */ = {isa = PBXBuildFile; productRef = C58C169C2B8E051F00BDBD7A /* LaunchAtLogin */; };
		C58C16A12B8E224400BDBD7A /* Settings in Frameworks */ = {isa = PBXBuildFile; productRef = C58C16A02B8E224400BDBD7A /* Settings */; };
		C5A1D2742B8F2899007943B2 /* AboutSettingsView.swift in Sources */ = {isa = PBXBuildFile; fileRef = C5A1D2732B8F2899007943B2 /* AboutSettingsView.swift */; };
		C5A1D2762B8F296B007943B2 /* GeneralSettingsView.swift in Sources */ = {isa = PBXBuildFile; fileRef = C5A1D2752B8F296B007943B2 /* GeneralSettingsView.swift */; };
		C5A5BC932B62692000104D06 /* String++.swift in Sources */ = {isa = PBXBuildFile; fileRef = C5A5BC922B62692000104D06 /* String++.swift */; };
		C5A5BC982B626A8800104D06 /* Date+TimeAgo.swift in Sources */ = {isa = PBXBuildFile; fileRef = C5A5BC972B626A8800104D06 /* Date+TimeAgo.swift */; };
		C5A5BC9A2B626EEC00104D06 /* Functions.swift in Sources */ = {isa = PBXBuildFile; fileRef = C5A5BC992B626EEC00104D06 /* Functions.swift */; };
		C5B396042B908B0E00CD3F51 /* Sauce in Frameworks */ = {isa = PBXBuildFile; productRef = C5B396032B908B0E00CD3F51 /* Sauce */; };
		C5C5F0252B8EDCAB00903601 /* Settings++.swift in Sources */ = {isa = PBXBuildFile; fileRef = C5C5F0242B8EDCAB00903601 /* Settings++.swift */; };
		C5CEB1492B6BB8D600495EE3 /* PersistanceController.swift in Sources */ = {isa = PBXBuildFile; fileRef = C5CEB1482B6BB8D600495EE3 /* PersistanceController.swift */; };
		C5D534AF2B604F8E00074920 /* Bool+Comparable.swift in Sources */ = {isa = PBXBuildFile; fileRef = C5D534AE2B604F8E00074920 /* Bool+Comparable.swift */; };
		C5D534B12B604FE000074920 /* ViewHelper.swift in Sources */ = {isa = PBXBuildFile; fileRef = C5D534B02B604FE000074920 /* ViewHelper.swift */; };
		C5DBE0DB2B62493000418163 /* DetailedView.swift in Sources */ = {isa = PBXBuildFile; fileRef = C5DBE0DA2B62493000418163 /* DetailedView.swift */; };
		C5E1CD8C2B8F1C8D0009EAE1 /* KeyboardShortcuts in Frameworks */ = {isa = PBXBuildFile; productRef = C5E1CD8B2B8F1C8D0009EAE1 /* KeyboardShortcuts */; };
/* End PBXBuildFile section */

/* Begin PBXContainerItemProxy section */
		C57241EB2B67CF5900703101 /* PBXContainerItemProxy */ = {
			isa = PBXContainerItemProxy;
			containerPortal = C5091C712B5C4D8A0091896F /* Project object */;
			proxyType = 1;
			remoteGlobalIDString = C5091C782B5C4D8A0091896F;
			remoteInfo = Macboard;
		};
/* End PBXContainerItemProxy section */

/* Begin PBXFileReference section */
		C506F0B82B5FBECF0031F4D2 /* DataHelper.swift */ = {isa = PBXFileReference; lastKnownFileType = sourcecode.swift; path = DataHelper.swift; sourceTree = "<group>"; };
		C5091C792B5C4D8A0091896F /* Macboard.app */ = {isa = PBXFileReference; explicitFileType = wrapper.application; includeInIndex = 0; path = Macboard.app; sourceTree = BUILT_PRODUCTS_DIR; };
		C5091C7C2B5C4D8A0091896F /* MacboardApp.swift */ = {isa = PBXFileReference; lastKnownFileType = sourcecode.swift; path = MacboardApp.swift; sourceTree = "<group>"; };
		C5091C802B5C4D8B0091896F /* Assets.xcassets */ = {isa = PBXFileReference; lastKnownFileType = folder.assetcatalog; path = Assets.xcassets; sourceTree = "<group>"; };
		C5091C852B5C4D8B0091896F /* Macboard.entitlements */ = {isa = PBXFileReference; lastKnownFileType = text.plist.entitlements; path = Macboard.entitlements; sourceTree = "<group>"; };
		C5230DCE2B6B6E7900B6E8F7 /* View++.swift */ = {isa = PBXFileReference; lastKnownFileType = sourcecode.swift; path = "View++.swift"; sourceTree = "<group>"; };
		C53410792B8F3B0E007C55EA /* Defaults++.swift */ = {isa = PBXFileReference; lastKnownFileType = sourcecode.swift; path = "Defaults++.swift"; sourceTree = "<group>"; };
		C534107B2B8F48BF007C55EA /* StorageSettingsView.swift */ = {isa = PBXFileReference; lastKnownFileType = sourcecode.swift; path = StorageSettingsView.swift; sourceTree = "<group>"; };
		C534107D2B8F6340007C55EA /* KeyboardSettingsView.swift */ = {isa = PBXFileReference; lastKnownFileType = sourcecode.swift; path = KeyboardSettingsView.swift; sourceTree = "<group>"; };
		C534107F2B8F63CB007C55EA /* KeyboardShortcuts++.swift */ = {isa = PBXFileReference; lastKnownFileType = sourcecode.swift; path = "KeyboardShortcuts++.swift"; sourceTree = "<group>"; };
		C553CEDB2B5C57BB00EC82F1 /* ClipboardItems.swift */ = {isa = PBXFileReference; lastKnownFileType = sourcecode.swift; path = ClipboardItems.swift; sourceTree = "<group>"; };
		C5628C902BA463C300F32F5B /* Color+Hex.swift */ = {isa = PBXFileReference; lastKnownFileType = sourcecode.swift; path = "Color+Hex.swift"; sourceTree = "<group>"; };
		C567F32A2B8505A600822FCB /* Info.plist */ = {isa = PBXFileReference; lastKnownFileType = text.plist; path = Info.plist; sourceTree = "<group>"; };
		C56E675D2B6B9BC800AE7CE7 /* ClipboardItem.xcdatamodel */ = {isa = PBXFileReference; lastKnownFileType = wrapper.xcdatamodel; path = ClipboardItem.xcdatamodel; sourceTree = "<group>"; };
		C57241E72B67CF5900703101 /* MacboardTests.xctest */ = {isa = PBXFileReference; explicitFileType = wrapper.cfbundle; includeInIndex = 0; path = MacboardTests.xctest; sourceTree = BUILT_PRODUCTS_DIR; };
		C57241E92B67CF5900703101 /* MacboardTests.swift */ = {isa = PBXFileReference; lastKnownFileType = sourcecode.swift; path = MacboardTests.swift; sourceTree = "<group>"; };
		C57800932B7C7BF900B40EEC /* AppDelegate.swift */ = {isa = PBXFileReference; lastKnownFileType = sourcecode.swift; path = AppDelegate.swift; sourceTree = "<group>"; };
		C57F29462B9AB03600228B6D /* Accessibility.swift */ = {isa = PBXFileReference; lastKnownFileType = sourcecode.swift; path = Accessibility.swift; sourceTree = "<group>"; };
		C57F29482B9ABD7E00228B6D /* Updates.swift */ = {isa = PBXFileReference; lastKnownFileType = sourcecode.swift; path = Updates.swift; sourceTree = "<group>"; };
		C5918ACE2B93287400B20031 /* ClipboardItem2.xcdatamodel */ = {isa = PBXFileReference; lastKnownFileType = wrapper.xcdatamodel; path = ClipboardItem2.xcdatamodel; sourceTree = "<group>"; };
		C5A1D2732B8F2899007943B2 /* AboutSettingsView.swift */ = {isa = PBXFileReference; lastKnownFileType = sourcecode.swift; path = AboutSettingsView.swift; sourceTree = "<group>"; };
		C5A1D2752B8F296B007943B2 /* GeneralSettingsView.swift */ = {isa = PBXFileReference; lastKnownFileType = sourcecode.swift; path = GeneralSettingsView.swift; sourceTree = "<group>"; };
		C5A5BC922B62692000104D06 /* String++.swift */ = {isa = PBXFileReference; lastKnownFileType = sourcecode.swift; path = "String++.swift"; sourceTree = "<group>"; };
		C5A5BC972B626A8800104D06 /* Date+TimeAgo.swift */ = {isa = PBXFileReference; lastKnownFileType = sourcecode.swift; path = "Date+TimeAgo.swift"; sourceTree = "<group>"; };
		C5A5BC992B626EEC00104D06 /* Functions.swift */ = {isa = PBXFileReference; lastKnownFileType = sourcecode.swift; path = Functions.swift; sourceTree = "<group>"; };
		C5C5F0242B8EDCAB00903601 /* Settings++.swift */ = {isa = PBXFileReference; lastKnownFileType = sourcecode.swift; path = "Settings++.swift"; sourceTree = "<group>"; };
		C5CEB1482B6BB8D600495EE3 /* PersistanceController.swift */ = {isa = PBXFileReference; lastKnownFileType = sourcecode.swift; path = PersistanceController.swift; sourceTree = "<group>"; };
		C5D534AE2B604F8E00074920 /* Bool+Comparable.swift */ = {isa = PBXFileReference; lastKnownFileType = sourcecode.swift; path = "Bool+Comparable.swift"; sourceTree = "<group>"; };
		C5D534B02B604FE000074920 /* ViewHelper.swift */ = {isa = PBXFileReference; lastKnownFileType = sourcecode.swift; path = ViewHelper.swift; sourceTree = "<group>"; };
		C5DBE0DA2B62493000418163 /* DetailedView.swift */ = {isa = PBXFileReference; lastKnownFileType = sourcecode.swift; path = DetailedView.swift; sourceTree = "<group>"; };
/* End PBXFileReference section */

/* Begin PBXFrameworksBuildPhase section */
		C5091C762B5C4D8A0091896F /* Frameworks */ = {
			isa = PBXFrameworksBuildPhase;
			buildActionMask = 2147483647;
			files = (
				C55671C32B985CAC007744A1 /* Sparkle in Frameworks */,
				C5B396042B908B0E00CD3F51 /* Sauce in Frameworks */,
				C53410782B8F354E007C55EA /* Defaults in Frameworks */,
				C58C16A12B8E224400BDBD7A /* Settings in Frameworks */,
				C57800972B7C7DE100B40EEC /* PopupView in Frameworks */,
				C5E1CD8C2B8F1C8D0009EAE1 /* KeyboardShortcuts in Frameworks */,
				C58C169D2B8E051F00BDBD7A /* LaunchAtLogin in Frameworks */,
			);
			runOnlyForDeploymentPostprocessing = 0;
		};
		C57241E42B67CF5900703101 /* Frameworks */ = {
			isa = PBXFrameworksBuildPhase;
			buildActionMask = 2147483647;
			files = (
			);
			runOnlyForDeploymentPostprocessing = 0;
		};
/* End PBXFrameworksBuildPhase section */

/* Begin PBXGroup section */
		C5091C702B5C4D8A0091896F = {
			isa = PBXGroup;
			children = (
				C5091C7B2B5C4D8A0091896F /* Macboard */,
				C57241E82B67CF5900703101 /* MacboardTests */,
				C5091C7A2B5C4D8A0091896F /* Products */,
			);
			sourceTree = "<group>";
		};
		C5091C7A2B5C4D8A0091896F /* Products */ = {
			isa = PBXGroup;
			children = (
				C5091C792B5C4D8A0091896F /* Macboard.app */,
				C57241E72B67CF5900703101 /* MacboardTests.xctest */,
			);
			name = Products;
			sourceTree = "<group>";
		};
		C5091C7B2B5C4D8A0091896F /* Macboard */ = {
			isa = PBXGroup;
			children = (
				C567F32A2B8505A600822FCB /* Info.plist */,
				C56E675A2B6B9B4100AE7CE7 /* Models */,
				C5A5BC962B6269DE00104D06 /* Helpers */,
				C5A5BC912B6268CC00104D06 /* Extensions */,
				C57800922B7C7BBC00B40EEC /* Views */,
				C5091C7C2B5C4D8A0091896F /* MacboardApp.swift */,
				C57800932B7C7BF900B40EEC /* AppDelegate.swift */,
				C5091C802B5C4D8B0091896F /* Assets.xcassets */,
				C5091C852B5C4D8B0091896F /* Macboard.entitlements */,
			);
			path = Macboard;
			sourceTree = "<group>";
		};
		C56E675A2B6B9B4100AE7CE7 /* Models */ = {
			isa = PBXGroup;
			children = (
				C56E675B2B6B9B5900AE7CE7 /* DataModel */,
			);
			path = Models;
			sourceTree = "<group>";
		};
		C56E675B2B6B9B5900AE7CE7 /* DataModel */ = {
			isa = PBXGroup;
			children = (
				C56E675C2B6B9BC800AE7CE7 /* ClipboardItem.xcdatamodeld */,
				C5CEB1482B6BB8D600495EE3 /* PersistanceController.swift */,
			);
			path = DataModel;
			sourceTree = "<group>";
		};
		C57241E82B67CF5900703101 /* MacboardTests */ = {
			isa = PBXGroup;
			children = (
				C57241E92B67CF5900703101 /* MacboardTests.swift */,
			);
			path = MacboardTests;
			sourceTree = "<group>";
		};
		C57800922B7C7BBC00B40EEC /* Views */ = {
			isa = PBXGroup;
			children = (
				C5A1D2722B8F287A007943B2 /* SettingsViews */,
				C553CEDB2B5C57BB00EC82F1 /* ClipboardItems.swift */,
				C5DBE0DA2B62493000418163 /* DetailedView.swift */,
				C57F29462B9AB03600228B6D /* Accessibility.swift */,
				C57F29482B9ABD7E00228B6D /* Updates.swift */,
			);
			path = Views;
			sourceTree = "<group>";
		};
		C5A1D2722B8F287A007943B2 /* SettingsViews */ = {
			isa = PBXGroup;
			children = (
				C5A1D2732B8F2899007943B2 /* AboutSettingsView.swift */,
				C5A1D2752B8F296B007943B2 /* GeneralSettingsView.swift */,
				C534107B2B8F48BF007C55EA /* StorageSettingsView.swift */,
				C534107D2B8F6340007C55EA /* KeyboardSettingsView.swift */,
			);
			path = SettingsViews;
			sourceTree = "<group>";
		};
		C5A5BC912B6268CC00104D06 /* Extensions */ = {
			isa = PBXGroup;
			children = (
				C5D534AE2B604F8E00074920 /* Bool+Comparable.swift */,
				C5A5BC922B62692000104D06 /* String++.swift */,
				C5A5BC972B626A8800104D06 /* Date+TimeAgo.swift */,
				C5230DCE2B6B6E7900B6E8F7 /* View++.swift */,
				C5C5F0242B8EDCAB00903601 /* Settings++.swift */,
				C53410792B8F3B0E007C55EA /* Defaults++.swift */,
				C534107F2B8F63CB007C55EA /* KeyboardShortcuts++.swift */,
				C5628C902BA463C300F32F5B /* Color+Hex.swift */,
			);
			path = Extensions;
			sourceTree = "<group>";
		};
		C5A5BC962B6269DE00104D06 /* Helpers */ = {
			isa = PBXGroup;
			children = (
				C5D534B02B604FE000074920 /* ViewHelper.swift */,
				C506F0B82B5FBECF0031F4D2 /* DataHelper.swift */,
				C5A5BC992B626EEC00104D06 /* Functions.swift */,
			);
			path = Helpers;
			sourceTree = "<group>";
		};
/* End PBXGroup section */

/* Begin PBXNativeTarget section */
		C5091C782B5C4D8A0091896F /* Macboard */ = {
			isa = PBXNativeTarget;
			buildConfigurationList = C5091C882B5C4D8B0091896F /* Build configuration list for PBXNativeTarget "Macboard" */;
			buildPhases = (
				C5091C752B5C4D8A0091896F /* Sources */,
				C5091C762B5C4D8A0091896F /* Frameworks */,
				C5091C772B5C4D8A0091896F /* Resources */,
				C58C169E2B8E05E900BDBD7A /* Copy "Launch at Login Helper" */,
			);
			buildRules = (
			);
			dependencies = (
			);
			name = Macboard;
			packageProductDependencies = (
				C57800962B7C7DE100B40EEC /* PopupView */,
				C58C169C2B8E051F00BDBD7A /* LaunchAtLogin */,
				C58C16A02B8E224400BDBD7A /* Settings */,
				C5E1CD8B2B8F1C8D0009EAE1 /* KeyboardShortcuts */,
				C53410772B8F354E007C55EA /* Defaults */,
				C5B396032B908B0E00CD3F51 /* Sauce */,
				C55671C22B985CAC007744A1 /* Sparkle */,
			);
			productName = Macboard;
			productReference = C5091C792B5C4D8A0091896F /* Macboard.app */;
			productType = "com.apple.product-type.application";
		};
		C57241E62B67CF5900703101 /* MacboardTests */ = {
			isa = PBXNativeTarget;
			buildConfigurationList = C57241EF2B67CF5900703101 /* Build configuration list for PBXNativeTarget "MacboardTests" */;
			buildPhases = (
				C57241E32B67CF5900703101 /* Sources */,
				C57241E42B67CF5900703101 /* Frameworks */,
				C57241E52B67CF5900703101 /* Resources */,
			);
			buildRules = (
			);
			dependencies = (
				C57241EC2B67CF5900703101 /* PBXTargetDependency */,
			);
			name = MacboardTests;
			productName = MacboardTests;
			productReference = C57241E72B67CF5900703101 /* MacboardTests.xctest */;
			productType = "com.apple.product-type.bundle.unit-test";
		};
/* End PBXNativeTarget section */

/* Begin PBXProject section */
		C5091C712B5C4D8A0091896F /* Project object */ = {
			isa = PBXProject;
			attributes = {
				BuildIndependentTargetsInParallel = 1;
				LastSwiftUpdateCheck = 1520;
				LastUpgradeCheck = 1520;
				TargetAttributes = {
					C5091C782B5C4D8A0091896F = {
						CreatedOnToolsVersion = 15.2;
					};
					C57241E62B67CF5900703101 = {
						CreatedOnToolsVersion = 15.2;
						TestTargetID = C5091C782B5C4D8A0091896F;
					};
				};
			};
			buildConfigurationList = C5091C742B5C4D8A0091896F /* Build configuration list for PBXProject "Macboard" */;
			compatibilityVersion = "Xcode 14.0";
			developmentRegion = en;
			hasScannedForEncodings = 0;
			knownRegions = (
				en,
				Base,
			);
			mainGroup = C5091C702B5C4D8A0091896F;
			packageReferences = (
				C57800952B7C7DE100B40EEC /* XCRemoteSwiftPackageReference "PopupView" */,
				C58C169B2B8E051F00BDBD7A /* XCRemoteSwiftPackageReference "LaunchAtLogin" */,
				C58C169F2B8E224400BDBD7A /* XCRemoteSwiftPackageReference "Settings" */,
				C5E1CD8A2B8F1C8D0009EAE1 /* XCRemoteSwiftPackageReference "KeyboardShortcuts" */,
				C53410762B8F354E007C55EA /* XCRemoteSwiftPackageReference "Defaults" */,
				C5B396022B908B0E00CD3F51 /* XCRemoteSwiftPackageReference "Sauce" */,
				C55671C12B985CAC007744A1 /* XCRemoteSwiftPackageReference "Sparkle" */,
			);
			productRefGroup = C5091C7A2B5C4D8A0091896F /* Products */;
			projectDirPath = "";
			projectRoot = "";
			targets = (
				C5091C782B5C4D8A0091896F /* Macboard */,
				C57241E62B67CF5900703101 /* MacboardTests */,
			);
		};
/* End PBXProject section */

/* Begin PBXResourcesBuildPhase section */
		C5091C772B5C4D8A0091896F /* Resources */ = {
			isa = PBXResourcesBuildPhase;
			buildActionMask = 2147483647;
			files = (
				C5091C812B5C4D8B0091896F /* Assets.xcassets in Resources */,
			);
			runOnlyForDeploymentPostprocessing = 0;
		};
		C57241E52B67CF5900703101 /* Resources */ = {
			isa = PBXResourcesBuildPhase;
			buildActionMask = 2147483647;
			files = (
			);
			runOnlyForDeploymentPostprocessing = 0;
		};
/* End PBXResourcesBuildPhase section */

/* Begin PBXShellScriptBuildPhase section */
		C58C169E2B8E05E900BDBD7A /* Copy "Launch at Login Helper" */ = {
			isa = PBXShellScriptBuildPhase;
			alwaysOutOfDate = 1;
			buildActionMask = 2147483647;
			files = (
			);
			inputFileListPaths = (
			);
			inputPaths = (
			);
			name = "Copy \"Launch at Login Helper\"";
			outputFileListPaths = (
			);
			outputPaths = (
			);
			runOnlyForDeploymentPostprocessing = 0;
			shellPath = /bin/sh;
			shellScript = "\"${BUILT_PRODUCTS_DIR}/LaunchAtLogin_LaunchAtLogin.bundle/Contents/Resources/copy-helper-swiftpm.sh\"\n";
		};
/* End PBXShellScriptBuildPhase section */

/* Begin PBXSourcesBuildPhase section */
		C5091C752B5C4D8A0091896F /* Sources */ = {
			isa = PBXSourcesBuildPhase;
			buildActionMask = 2147483647;
			files = (
				C5628C912BA463C300F32F5B /* Color+Hex.swift in Sources */,
				C5D534B12B604FE000074920 /* ViewHelper.swift in Sources */,
				C57F29472B9AB03600228B6D /* Accessibility.swift in Sources */,
				C553CEDC2B5C57BB00EC82F1 /* ClipboardItems.swift in Sources */,
				C506F0B92B5FBECF0031F4D2 /* DataHelper.swift in Sources */,
				C5A5BC9A2B626EEC00104D06 /* Functions.swift in Sources */,
				C56E675E2B6B9BC800AE7CE7 /* ClipboardItem.xcdatamodeld in Sources */,
				C534107E2B8F6340007C55EA /* KeyboardSettingsView.swift in Sources */,
				C5A5BC932B62692000104D06 /* String++.swift in Sources */,
				C5CEB1492B6BB8D600495EE3 /* PersistanceController.swift in Sources */,
				C5D534AF2B604F8E00074920 /* Bool+Comparable.swift in Sources */,
				C57800942B7C7BF900B40EEC /* AppDelegate.swift in Sources */,
				C53410802B8F63CB007C55EA /* KeyboardShortcuts++.swift in Sources */,
				C534107A2B8F3B0E007C55EA /* Defaults++.swift in Sources */,
				C5A1D2742B8F2899007943B2 /* AboutSettingsView.swift in Sources */,
				C534107C2B8F48BF007C55EA /* StorageSettingsView.swift in Sources */,
				C5C5F0252B8EDCAB00903601 /* Settings++.swift in Sources */,
				C57F29492B9ABD7E00228B6D /* Updates.swift in Sources */,
				C5DBE0DB2B62493000418163 /* DetailedView.swift in Sources */,
				C5230DCF2B6B6E7900B6E8F7 /* View++.swift in Sources */,
				C5A5BC982B626A8800104D06 /* Date+TimeAgo.swift in Sources */,
				C5A1D2762B8F296B007943B2 /* GeneralSettingsView.swift in Sources */,
				C5091C7D2B5C4D8A0091896F /* MacboardApp.swift in Sources */,
			);
			runOnlyForDeploymentPostprocessing = 0;
		};
		C57241E32B67CF5900703101 /* Sources */ = {
			isa = PBXSourcesBuildPhase;
			buildActionMask = 2147483647;
			files = (
				C57241EA2B67CF5900703101 /* MacboardTests.swift in Sources */,
			);
			runOnlyForDeploymentPostprocessing = 0;
		};
/* End PBXSourcesBuildPhase section */

/* Begin PBXTargetDependency section */
		C57241EC2B67CF5900703101 /* PBXTargetDependency */ = {
			isa = PBXTargetDependency;
			target = C5091C782B5C4D8A0091896F /* Macboard */;
			targetProxy = C57241EB2B67CF5900703101 /* PBXContainerItemProxy */;
		};
/* End PBXTargetDependency section */

/* Begin XCBuildConfiguration section */
		C5091C862B5C4D8B0091896F /* Debug */ = {
			isa = XCBuildConfiguration;
			buildSettings = {
				ALWAYS_SEARCH_USER_PATHS = NO;
				ASSETCATALOG_COMPILER_GENERATE_SWIFT_ASSET_SYMBOL_EXTENSIONS = YES;
				CLANG_ANALYZER_NONNULL = YES;
				CLANG_ANALYZER_NUMBER_OBJECT_CONVERSION = YES_AGGRESSIVE;
				CLANG_CXX_LANGUAGE_STANDARD = "gnu++20";
				CLANG_ENABLE_MODULES = YES;
				CLANG_ENABLE_OBJC_ARC = YES;
				CLANG_ENABLE_OBJC_WEAK = YES;
				CLANG_WARN_BLOCK_CAPTURE_AUTORELEASING = YES;
				CLANG_WARN_BOOL_CONVERSION = YES;
				CLANG_WARN_COMMA = YES;
				CLANG_WARN_CONSTANT_CONVERSION = YES;
				CLANG_WARN_DEPRECATED_OBJC_IMPLEMENTATIONS = YES;
				CLANG_WARN_DIRECT_OBJC_ISA_USAGE = YES_ERROR;
				CLANG_WARN_DOCUMENTATION_COMMENTS = YES;
				CLANG_WARN_EMPTY_BODY = YES;
				CLANG_WARN_ENUM_CONVERSION = YES;
				CLANG_WARN_INFINITE_RECURSION = YES;
				CLANG_WARN_INT_CONVERSION = YES;
				CLANG_WARN_NON_LITERAL_NULL_CONVERSION = YES;
				CLANG_WARN_OBJC_IMPLICIT_RETAIN_SELF = YES;
				CLANG_WARN_OBJC_LITERAL_CONVERSION = YES;
				CLANG_WARN_OBJC_ROOT_CLASS = YES_ERROR;
				CLANG_WARN_QUOTED_INCLUDE_IN_FRAMEWORK_HEADER = YES;
				CLANG_WARN_RANGE_LOOP_ANALYSIS = YES;
				CLANG_WARN_STRICT_PROTOTYPES = YES;
				CLANG_WARN_SUSPICIOUS_MOVE = YES;
				CLANG_WARN_UNGUARDED_AVAILABILITY = YES_AGGRESSIVE;
				CLANG_WARN_UNREACHABLE_CODE = YES;
				CLANG_WARN__DUPLICATE_METHOD_MATCH = YES;
				COPY_PHASE_STRIP = NO;
				DEBUG_INFORMATION_FORMAT = dwarf;
				ENABLE_STRICT_OBJC_MSGSEND = YES;
				ENABLE_TESTABILITY = YES;
				ENABLE_USER_SCRIPT_SANDBOXING = YES;
				GCC_C_LANGUAGE_STANDARD = gnu17;
				GCC_DYNAMIC_NO_PIC = NO;
				GCC_NO_COMMON_BLOCKS = YES;
				GCC_OPTIMIZATION_LEVEL = 0;
				GCC_PREPROCESSOR_DEFINITIONS = (
					"DEBUG=1",
					"$(inherited)",
				);
				GCC_WARN_64_TO_32_BIT_CONVERSION = YES;
				GCC_WARN_ABOUT_RETURN_TYPE = YES_ERROR;
				GCC_WARN_UNDECLARED_SELECTOR = YES;
				GCC_WARN_UNINITIALIZED_AUTOS = YES_AGGRESSIVE;
				GCC_WARN_UNUSED_FUNCTION = YES;
				GCC_WARN_UNUSED_VARIABLE = YES;
				LOCALIZATION_PREFERS_STRING_CATALOGS = YES;
				MACOSX_DEPLOYMENT_TARGET = 12.0;
				MTL_ENABLE_DEBUG_INFO = INCLUDE_SOURCE;
				MTL_FAST_MATH = YES;
				ONLY_ACTIVE_ARCH = YES;
				SDKROOT = macosx;
				SWIFT_ACTIVE_COMPILATION_CONDITIONS = "DEBUG $(inherited)";
				SWIFT_OPTIMIZATION_LEVEL = "-Onone";
			};
			name = Debug;
		};
		C5091C872B5C4D8B0091896F /* Release */ = {
			isa = XCBuildConfiguration;
			buildSettings = {
				ALWAYS_SEARCH_USER_PATHS = NO;
				ASSETCATALOG_COMPILER_GENERATE_SWIFT_ASSET_SYMBOL_EXTENSIONS = YES;
				CLANG_ANALYZER_NONNULL = YES;
				CLANG_ANALYZER_NUMBER_OBJECT_CONVERSION = YES_AGGRESSIVE;
				CLANG_CXX_LANGUAGE_STANDARD = "gnu++20";
				CLANG_ENABLE_MODULES = YES;
				CLANG_ENABLE_OBJC_ARC = YES;
				CLANG_ENABLE_OBJC_WEAK = YES;
				CLANG_WARN_BLOCK_CAPTURE_AUTORELEASING = YES;
				CLANG_WARN_BOOL_CONVERSION = YES;
				CLANG_WARN_COMMA = YES;
				CLANG_WARN_CONSTANT_CONVERSION = YES;
				CLANG_WARN_DEPRECATED_OBJC_IMPLEMENTATIONS = YES;
				CLANG_WARN_DIRECT_OBJC_ISA_USAGE = YES_ERROR;
				CLANG_WARN_DOCUMENTATION_COMMENTS = YES;
				CLANG_WARN_EMPTY_BODY = YES;
				CLANG_WARN_ENUM_CONVERSION = YES;
				CLANG_WARN_INFINITE_RECURSION = YES;
				CLANG_WARN_INT_CONVERSION = YES;
				CLANG_WARN_NON_LITERAL_NULL_CONVERSION = YES;
				CLANG_WARN_OBJC_IMPLICIT_RETAIN_SELF = YES;
				CLANG_WARN_OBJC_LITERAL_CONVERSION = YES;
				CLANG_WARN_OBJC_ROOT_CLASS = YES_ERROR;
				CLANG_WARN_QUOTED_INCLUDE_IN_FRAMEWORK_HEADER = YES;
				CLANG_WARN_RANGE_LOOP_ANALYSIS = YES;
				CLANG_WARN_STRICT_PROTOTYPES = YES;
				CLANG_WARN_SUSPICIOUS_MOVE = YES;
				CLANG_WARN_UNGUARDED_AVAILABILITY = YES_AGGRESSIVE;
				CLANG_WARN_UNREACHABLE_CODE = YES;
				CLANG_WARN__DUPLICATE_METHOD_MATCH = YES;
				COPY_PHASE_STRIP = NO;
				DEBUG_INFORMATION_FORMAT = "dwarf-with-dsym";
				ENABLE_NS_ASSERTIONS = NO;
				ENABLE_STRICT_OBJC_MSGSEND = YES;
				ENABLE_USER_SCRIPT_SANDBOXING = YES;
				GCC_C_LANGUAGE_STANDARD = gnu17;
				GCC_NO_COMMON_BLOCKS = YES;
				GCC_WARN_64_TO_32_BIT_CONVERSION = YES;
				GCC_WARN_ABOUT_RETURN_TYPE = YES_ERROR;
				GCC_WARN_UNDECLARED_SELECTOR = YES;
				GCC_WARN_UNINITIALIZED_AUTOS = YES_AGGRESSIVE;
				GCC_WARN_UNUSED_FUNCTION = YES;
				GCC_WARN_UNUSED_VARIABLE = YES;
				LOCALIZATION_PREFERS_STRING_CATALOGS = YES;
				MACOSX_DEPLOYMENT_TARGET = 12.0;
				MTL_ENABLE_DEBUG_INFO = NO;
				MTL_FAST_MATH = YES;
				SDKROOT = macosx;
				SWIFT_COMPILATION_MODE = wholemodule;
			};
			name = Release;
		};
		C5091C892B5C4D8B0091896F /* Debug */ = {
			isa = XCBuildConfiguration;
			buildSettings = {
				ASSETCATALOG_COMPILER_APPICON_NAME = AppIcon;
				ASSETCATALOG_COMPILER_GLOBAL_ACCENT_COLOR_NAME = AccentColor;
				CODE_SIGN_ENTITLEMENTS = Macboard/Macboard.entitlements;
				CODE_SIGN_IDENTITY = "Apple Development";
				"CODE_SIGN_IDENTITY[sdk=macosx*]" = "-";
				CODE_SIGN_STYLE = Automatic;
				COMBINE_HIDPI_IMAGES = YES;
				CURRENT_PROJECT_VERSION = 1.6;
				DEVELOPMENT_TEAM = J4NR76XL6C;
				ENABLE_HARDENED_RUNTIME = NO;
				ENABLE_PREVIEWS = YES;
				ENABLE_USER_SCRIPT_SANDBOXING = NO;
				GENERATE_INFOPLIST_FILE = YES;
				INFOPLIST_FILE = Macboard/Info.plist;
				INFOPLIST_KEY_LSApplicationCategoryType = "public.app-category.productivity";
				INFOPLIST_KEY_LSUIElement = YES;
				INFOPLIST_KEY_NSHumanReadableCopyright = "© Saumya • 2024 - All rights reserved";
				LD_RUNPATH_SEARCH_PATHS = (
					"$(inherited)",
					"@executable_path/../Frameworks",
				);
				MACOSX_DEPLOYMENT_TARGET = 12.0;
				MARKETING_VERSION = 1.6;
				PRODUCT_BUNDLE_IDENTIFIER = com.saumya.Macboard;
				PRODUCT_NAME = "$(TARGET_NAME)";
				PROVISIONING_PROFILE_SPECIFIER = "";
				SWIFT_EMIT_LOC_STRINGS = YES;
				SWIFT_VERSION = 5.0;
			};
			name = Debug;
		};
		C5091C8A2B5C4D8B0091896F /* Release */ = {
			isa = XCBuildConfiguration;
			buildSettings = {
				ASSETCATALOG_COMPILER_APPICON_NAME = AppIcon;
				ASSETCATALOG_COMPILER_GLOBAL_ACCENT_COLOR_NAME = AccentColor;
				CODE_SIGN_ENTITLEMENTS = Macboard/Macboard.entitlements;
				CODE_SIGN_IDENTITY = "Apple Development";
				"CODE_SIGN_IDENTITY[sdk=macosx*]" = "-";
				CODE_SIGN_STYLE = Automatic;
				COMBINE_HIDPI_IMAGES = YES;
				CURRENT_PROJECT_VERSION = 1.6;
				DEVELOPMENT_TEAM = J4NR76XL6C;
				ENABLE_HARDENED_RUNTIME = NO;
				ENABLE_PREVIEWS = YES;
				ENABLE_USER_SCRIPT_SANDBOXING = NO;
				GENERATE_INFOPLIST_FILE = YES;
				INFOPLIST_FILE = Macboard/Info.plist;
				INFOPLIST_KEY_LSApplicationCategoryType = "public.app-category.productivity";
				INFOPLIST_KEY_LSUIElement = YES;
				INFOPLIST_KEY_NSHumanReadableCopyright = "© Saumya • 2024 - All rights reserved";
				LD_RUNPATH_SEARCH_PATHS = (
					"$(inherited)",
					"@executable_path/../Frameworks",
				);
				MACOSX_DEPLOYMENT_TARGET = 12.0;
				MARKETING_VERSION = 1.6;
				PRODUCT_BUNDLE_IDENTIFIER = com.saumya.Macboard;
				PRODUCT_NAME = "$(TARGET_NAME)";
				PROVISIONING_PROFILE_SPECIFIER = "";
				SWIFT_EMIT_LOC_STRINGS = YES;
				SWIFT_VERSION = 5.0;
			};
			name = Release;
		};
		C57241ED2B67CF5900703101 /* Debug */ = {
			isa = XCBuildConfiguration;
			buildSettings = {
				BUNDLE_LOADER = "$(TEST_HOST)";
				CODE_SIGN_STYLE = Automatic;
				CURRENT_PROJECT_VERSION = 1;
				GENERATE_INFOPLIST_FILE = YES;
				INFOPLIST_KEY_LSUIElement = YES;
				MACOSX_DEPLOYMENT_TARGET = 14.0;
				MARKETING_VERSION = 1.0;
				PRODUCT_BUNDLE_IDENTIFIER = com.saumya.MacboardTests;
				PRODUCT_NAME = "$(TARGET_NAME)";
				SWIFT_EMIT_LOC_STRINGS = NO;
				SWIFT_VERSION = 5.0;
				TEST_HOST = "$(BUILT_PRODUCTS_DIR)/Macboard.app/$(BUNDLE_EXECUTABLE_FOLDER_PATH)/Macboard";
			};
			name = Debug;
		};
		C57241EE2B67CF5900703101 /* Release */ = {
			isa = XCBuildConfiguration;
			buildSettings = {
				BUNDLE_LOADER = "$(TEST_HOST)";
				CODE_SIGN_STYLE = Automatic;
				CURRENT_PROJECT_VERSION = 1;
				GENERATE_INFOPLIST_FILE = YES;
				INFOPLIST_KEY_LSUIElement = YES;
				MACOSX_DEPLOYMENT_TARGET = 14.0;
				MARKETING_VERSION = 1.0;
				PRODUCT_BUNDLE_IDENTIFIER = com.saumya.MacboardTests;
				PRODUCT_NAME = "$(TARGET_NAME)";
				SWIFT_EMIT_LOC_STRINGS = NO;
				SWIFT_VERSION = 5.0;
				TEST_HOST = "$(BUILT_PRODUCTS_DIR)/Macboard.app/$(BUNDLE_EXECUTABLE_FOLDER_PATH)/Macboard";
			};
			name = Release;
		};
/* End XCBuildConfiguration section */

/* Begin XCConfigurationList section */
		C5091C742B5C4D8A0091896F /* Build configuration list for PBXProject "Macboard" */ = {
			isa = XCConfigurationList;
			buildConfigurations = (
				C5091C862B5C4D8B0091896F /* Debug */,
				C5091C872B5C4D8B0091896F /* Release */,
			);
			defaultConfigurationIsVisible = 0;
			defaultConfigurationName = Release;
		};
		C5091C882B5C4D8B0091896F /* Build configuration list for PBXNativeTarget "Macboard" */ = {
			isa = XCConfigurationList;
			buildConfigurations = (
				C5091C892B5C4D8B0091896F /* Debug */,
				C5091C8A2B5C4D8B0091896F /* Release */,
			);
			defaultConfigurationIsVisible = 0;
			defaultConfigurationName = Release;
		};
		C57241EF2B67CF5900703101 /* Build configuration list for PBXNativeTarget "MacboardTests" */ = {
			isa = XCConfigurationList;
			buildConfigurations = (
				C57241ED2B67CF5900703101 /* Debug */,
				C57241EE2B67CF5900703101 /* Release */,
			);
			defaultConfigurationIsVisible = 0;
			defaultConfigurationName = Release;
		};
/* End XCConfigurationList section */

/* Begin XCRemoteSwiftPackageReference section */
		C53410762B8F354E007C55EA /* XCRemoteSwiftPackageReference "Defaults" */ = {
			isa = XCRemoteSwiftPackageReference;
			repositoryURL = "https://github.com/sindresorhus/Defaults";
			requirement = {
				branch = main;
				kind = branch;
			};
		};
		C55671C12B985CAC007744A1 /* XCRemoteSwiftPackageReference "Sparkle" */ = {
			isa = XCRemoteSwiftPackageReference;
			repositoryURL = "https://github.com/sparkle-project/Sparkle";
			requirement = {
				kind = upToNextMajorVersion;
				minimumVersion = 2.5.2;
			};
		};
		C57800952B7C7DE100B40EEC /* XCRemoteSwiftPackageReference "PopupView" */ = {
			isa = XCRemoteSwiftPackageReference;
			repositoryURL = "https://github.com/exyte/PopupView";
			requirement = {
				kind = upToNextMajorVersion;
				minimumVersion = 2.8.5;
			};
		};
		C58C169B2B8E051F00BDBD7A /* XCRemoteSwiftPackageReference "LaunchAtLogin" */ = {
			isa = XCRemoteSwiftPackageReference;
			repositoryURL = "https://github.com/sindresorhus/LaunchAtLogin";
			requirement = {
				branch = main;
				kind = branch;
			};
		};
		C58C169F2B8E224400BDBD7A /* XCRemoteSwiftPackageReference "Settings" */ = {
			isa = XCRemoteSwiftPackageReference;
			repositoryURL = "https://github.com/sindresorhus/Settings";
			requirement = {
				kind = upToNextMajorVersion;
				minimumVersion = 3.1.0;
			};
		};
		C5B396022B908B0E00CD3F51 /* XCRemoteSwiftPackageReference "Sauce" */ = {
			isa = XCRemoteSwiftPackageReference;
			repositoryURL = "https://github.com/Clipy/Sauce.git";
			requirement = {
				branch = master;
				kind = branch;
			};
		};
		C5E1CD8A2B8F1C8D0009EAE1 /* XCRemoteSwiftPackageReference "KeyboardShortcuts" */ = {
			isa = XCRemoteSwiftPackageReference;
			repositoryURL = "https://github.com/sindresorhus/KeyboardShortcuts";
			requirement = {
				kind = upToNextMajorVersion;
				minimumVersion = 2.0.0;
			};
		};
/* End XCRemoteSwiftPackageReference section */

/* Begin XCSwiftPackageProductDependency section */
		C53410772B8F354E007C55EA /* Defaults */ = {
			isa = XCSwiftPackageProductDependency;
			package = C53410762B8F354E007C55EA /* XCRemoteSwiftPackageReference "Defaults" */;
			productName = Defaults;
		};
		C55671C22B985CAC007744A1 /* Sparkle */ = {
			isa = XCSwiftPackageProductDependency;
			package = C55671C12B985CAC007744A1 /* XCRemoteSwiftPackageReference "Sparkle" */;
			productName = Sparkle;
		};
		C57800962B7C7DE100B40EEC /* PopupView */ = {
			isa = XCSwiftPackageProductDependency;
			package = C57800952B7C7DE100B40EEC /* XCRemoteSwiftPackageReference "PopupView" */;
			productName = PopupView;
		};
		C58C169C2B8E051F00BDBD7A /* LaunchAtLogin */ = {
			isa = XCSwiftPackageProductDependency;
			package = C58C169B2B8E051F00BDBD7A /* XCRemoteSwiftPackageReference "LaunchAtLogin" */;
			productName = LaunchAtLogin;
		};
		C58C16A02B8E224400BDBD7A /* Settings */ = {
			isa = XCSwiftPackageProductDependency;
			package = C58C169F2B8E224400BDBD7A /* XCRemoteSwiftPackageReference "Settings" */;
			productName = Settings;
		};
		C5B396032B908B0E00CD3F51 /* Sauce */ = {
			isa = XCSwiftPackageProductDependency;
			package = C5B396022B908B0E00CD3F51 /* XCRemoteSwiftPackageReference "Sauce" */;
			productName = Sauce;
		};
		C5E1CD8B2B8F1C8D0009EAE1 /* KeyboardShortcuts */ = {
			isa = XCSwiftPackageProductDependency;
			package = C5E1CD8A2B8F1C8D0009EAE1 /* XCRemoteSwiftPackageReference "KeyboardShortcuts" */;
			productName = KeyboardShortcuts;
		};
/* End XCSwiftPackageProductDependency section */

/* Begin XCVersionGroup section */
		C56E675C2B6B9BC800AE7CE7 /* ClipboardItem.xcdatamodeld */ = {
			isa = XCVersionGroup;
			children = (
				C5918ACE2B93287400B20031 /* ClipboardItem2.xcdatamodel */,
				C56E675D2B6B9BC800AE7CE7 /* ClipboardItem.xcdatamodel */,
			);
			currentVersion = C56E675D2B6B9BC800AE7CE7 /* ClipboardItem.xcdatamodel */;
			path = ClipboardItem.xcdatamodeld;
			sourceTree = "<group>";
			versionGroupType = wrapper.xcdatamodel;
		};
/* End XCVersionGroup section */
	};
	rootObject = C5091C712B5C4D8A0091896F /* Project object */;
}
