// !$*UTF8*$!
{
	archiveVersion = 1;
	classes = {
	};
	objectVersion = 56;
	objects = {

/* Begin PBXBuildFile section */
		C505C1D52B6CB4EC00DA4E62 /* AppDelegate.swift in Sources */ = {isa = PBXBuildFile; fileRef = C505C1D42B6CB4EC00DA4E62 /* AppDelegate.swift */; };
		C505C1D72B6CB57700DA4E62 /* SettingsView.swift in Sources */ = {isa = PBXBuildFile; fileRef = C505C1D62B6CB57700DA4E62 /* SettingsView.swift */; };
		C505C1DA2B6CBDE300DA4E62 /* PopupView in Frameworks */ = {isa = PBXBuildFile; productRef = C505C1D92B6CBDE300DA4E62 /* PopupView */; };
		C506F0B92B5FBECF0031F4D2 /* DataHelper.swift in Sources */ = {isa = PBXBuildFile; fileRef = C506F0B82B5FBECF0031F4D2 /* DataHelper.swift */; };
		C5091C7D2B5C4D8A0091896F /* MacboardApp.swift in Sources */ = {isa = PBXBuildFile; fileRef = C5091C7C2B5C4D8A0091896F /* MacboardApp.swift */; };
		C5091C842B5C4D8B0091896F /* Preview Assets.xcassets in Resources */ = {isa = PBXBuildFile; fileRef = C5091C832B5C4D8B0091896F /* Preview Assets.xcassets */; };
		C5230DCF2B6B6E7900B6E8F7 /* View++.swift in Sources */ = {isa = PBXBuildFile; fileRef = C5230DCE2B6B6E7900B6E8F7 /* View++.swift */; };
		C553CEDC2B5C57BB00EC82F1 /* ClipboardItems.swift in Sources */ = {isa = PBXBuildFile; fileRef = C553CEDB2B5C57BB00EC82F1 /* ClipboardItems.swift */; };
		C56E675E2B6B9BC800AE7CE7 /* ClipboardItem.xcdatamodeld in Sources */ = {isa = PBXBuildFile; fileRef = C56E675C2B6B9BC800AE7CE7 /* ClipboardItem.xcdatamodeld */; };
		C57241EA2B67CF5900703101 /* MacboardTests.swift in Sources */ = {isa = PBXBuildFile; fileRef = C57241E92B67CF5900703101 /* MacboardTests.swift */; };
		C5A5BC932B62692000104D06 /* String++.swift in Sources */ = {isa = PBXBuildFile; fileRef = C5A5BC922B62692000104D06 /* String++.swift */; };
		C5A5BC982B626A8800104D06 /* Date+TimeAgo.swift in Sources */ = {isa = PBXBuildFile; fileRef = C5A5BC972B626A8800104D06 /* Date+TimeAgo.swift */; };
		C5A5BC9A2B626EEC00104D06 /* Functions.swift in Sources */ = {isa = PBXBuildFile; fileRef = C5A5BC992B626EEC00104D06 /* Functions.swift */; };
		C5CEB1492B6BB8D600495EE3 /* PersistanceController.swift in Sources */ = {isa = PBXBuildFile; fileRef = C5CEB1482B6BB8D600495EE3 /* PersistanceController.swift */; };
		C5CF08012B6AE42B00B03EB5 /* HotKey in Frameworks */ = {isa = PBXBuildFile; productRef = C5CF08002B6AE42B00B03EB5 /* HotKey */; };
		C5D534AF2B604F8E00074920 /* Bool+Comparable.swift in Sources */ = {isa = PBXBuildFile; fileRef = C5D534AE2B604F8E00074920 /* Bool+Comparable.swift */; };
		C5D534B12B604FE000074920 /* ViewHelper.swift in Sources */ = {isa = PBXBuildFile; fileRef = C5D534B02B604FE000074920 /* ViewHelper.swift */; };
		C5DBE0DB2B62493000418163 /* DetailedView.swift in Sources */ = {isa = PBXBuildFile; fileRef = C5DBE0DA2B62493000418163 /* DetailedView.swift */; };
		C5F406332B749C4700CBA249 /* Assets.xcassets in Resources */ = {isa = PBXBuildFile; fileRef = C566FB912B6FD4D9005E7FC0 /* Assets.xcassets */; };
/* End PBXBuildFile section */

/* Begin PBXContainerItemProxy section */
		C57241EB2B67CF5900703101 /* PBXContainerItemProxy */ = {
			isa = PBXContainerItemProxy;
			containerPortal = C5091C712B5C4D8A0091896F /* Project object */;
			proxyType = 1;
			remoteGlobalIDString = C5091C782B5C4D8A0091896F;
			remoteInfo = Macboard;
		};
/* End PBXContainerItemProxy section */

/* Begin PBXFileReference section */
		C505C1D42B6CB4EC00DA4E62 /* AppDelegate.swift */ = {isa = PBXFileReference; lastKnownFileType = sourcecode.swift; path = AppDelegate.swift; sourceTree = "<group>"; };
		C505C1D62B6CB57700DA4E62 /* SettingsView.swift */ = {isa = PBXFileReference; lastKnownFileType = sourcecode.swift; path = SettingsView.swift; sourceTree = "<group>"; };
		C506F0B82B5FBECF0031F4D2 /* DataHelper.swift */ = {isa = PBXFileReference; lastKnownFileType = sourcecode.swift; path = DataHelper.swift; sourceTree = "<group>"; };
		C5091C792B5C4D8A0091896F /* Macboard.app */ = {isa = PBXFileReference; explicitFileType = wrapper.application; includeInIndex = 0; path = Macboard.app; sourceTree = BUILT_PRODUCTS_DIR; };
		C5091C7C2B5C4D8A0091896F /* MacboardApp.swift */ = {isa = PBXFileReference; lastKnownFileType = sourcecode.swift; path = MacboardApp.swift; sourceTree = "<group>"; };
		C5091C832B5C4D8B0091896F /* Preview Assets.xcassets */ = {isa = PBXFileReference; lastKnownFileType = folder.assetcatalog; path = "Preview Assets.xcassets"; sourceTree = "<group>"; };
		C5091C852B5C4D8B0091896F /* Macboard.entitlements */ = {isa = PBXFileReference; lastKnownFileType = text.plist.entitlements; path = Macboard.entitlements; sourceTree = "<group>"; };
		C5230DCE2B6B6E7900B6E8F7 /* View++.swift */ = {isa = PBXFileReference; lastKnownFileType = sourcecode.swift; path = "View++.swift"; sourceTree = "<group>"; };
		C553CEDB2B5C57BB00EC82F1 /* ClipboardItems.swift */ = {isa = PBXFileReference; lastKnownFileType = sourcecode.swift; path = ClipboardItems.swift; sourceTree = "<group>"; };
		C566FB912B6FD4D9005E7FC0 /* Assets.xcassets */ = {isa = PBXFileReference; lastKnownFileType = folder.assetcatalog; path = Assets.xcassets; sourceTree = "<group>"; };
		C56E675D2B6B9BC800AE7CE7 /* ClipboardItem.xcdatamodel */ = {isa = PBXFileReference; lastKnownFileType = wrapper.xcdatamodel; path = ClipboardItem.xcdatamodel; sourceTree = "<group>"; };
		C57241E72B67CF5900703101 /* MacboardTests.xctest */ = {isa = PBXFileReference; explicitFileType = wrapper.cfbundle; includeInIndex = 0; path = MacboardTests.xctest; sourceTree = BUILT_PRODUCTS_DIR; };
		C57241E92B67CF5900703101 /* MacboardTests.swift */ = {isa = PBXFileReference; lastKnownFileType = sourcecode.swift; path = MacboardTests.swift; sourceTree = "<group>"; };
		C5A5BC922B62692000104D06 /* String++.swift */ = {isa = PBXFileReference; lastKnownFileType = sourcecode.swift; path = "String++.swift"; sourceTree = "<group>"; };
		C5A5BC972B626A8800104D06 /* Date+TimeAgo.swift */ = {isa = PBXFileReference; lastKnownFileType = sourcecode.swift; path = "Date+TimeAgo.swift"; sourceTree = "<group>"; };
		C5A5BC992B626EEC00104D06 /* Functions.swift */ = {isa = PBXFileReference; lastKnownFileType = sourcecode.swift; path = Functions.swift; sourceTree = "<group>"; };
		C5CEB1482B6BB8D600495EE3 /* PersistanceController.swift */ = {isa = PBXFileReference; lastKnownFileType = sourcecode.swift; path = PersistanceController.swift; sourceTree = "<group>"; };
		C5D534AE2B604F8E00074920 /* Bool+Comparable.swift */ = {isa = PBXFileReference; lastKnownFileType = sourcecode.swift; path = "Bool+Comparable.swift"; sourceTree = "<group>"; };
		C5D534B02B604FE000074920 /* ViewHelper.swift */ = {isa = PBXFileReference; lastKnownFileType = sourcecode.swift; path = ViewHelper.swift; sourceTree = "<group>"; };
		C5DBE0DA2B62493000418163 /* DetailedView.swift */ = {isa = PBXFileReference; lastKnownFileType = sourcecode.swift; path = DetailedView.swift; sourceTree = "<group>"; };
/* End PBXFileReference section */

/* Begin PBXFrameworksBuildPhase section */
		C5091C762B5C4D8A0091896F /* Frameworks */ = {
			isa = PBXFrameworksBuildPhase;
			buildActionMask = 2147483647;
			files = (
				C505C1DA2B6CBDE300DA4E62 /* PopupView in Frameworks */,
				C5CF08012B6AE42B00B03EB5 /* HotKey in Frameworks */,
			);
			runOnlyForDeploymentPostprocessing = 0;
		};
		C57241E42B67CF5900703101 /* Frameworks */ = {
			isa = PBXFrameworksBuildPhase;
			buildActionMask = 2147483647;
			files = (
			);
			runOnlyForDeploymentPostprocessing = 0;
		};
/* End PBXFrameworksBuildPhase section */

/* Begin PBXGroup section */
		C505C1D32B6CB4BA00DA4E62 /* Views */ = {
			isa = PBXGroup;
			children = (
				C553CEDB2B5C57BB00EC82F1 /* ClipboardItems.swift */,
				C5DBE0DA2B62493000418163 /* DetailedView.swift */,
				C505C1D62B6CB57700DA4E62 /* SettingsView.swift */,
			);
			path = Views;
			sourceTree = "<group>";
		};
		C5091C702B5C4D8A0091896F = {
			isa = PBXGroup;
			children = (
				C5091C7B2B5C4D8A0091896F /* Macboard */,
				C57241E82B67CF5900703101 /* MacboardTests */,
				C5091C7A2B5C4D8A0091896F /* Products */,
			);
			sourceTree = "<group>";
		};
		C5091C7A2B5C4D8A0091896F /* Products */ = {
			isa = PBXGroup;
			children = (
				C5091C792B5C4D8A0091896F /* Macboard.app */,
				C57241E72B67CF5900703101 /* MacboardTests.xctest */,
			);
			name = Products;
			sourceTree = "<group>";
		};
		C5091C7B2B5C4D8A0091896F /* Macboard */ = {
			isa = PBXGroup;
			children = (
				C56E675A2B6B9B4100AE7CE7 /* Models */,
				C5A5BC962B6269DE00104D06 /* Helpers */,
				C5A5BC912B6268CC00104D06 /* Extensions */,
				C505C1D32B6CB4BA00DA4E62 /* Views */,
				C5091C7C2B5C4D8A0091896F /* MacboardApp.swift */,
				C505C1D42B6CB4EC00DA4E62 /* AppDelegate.swift */,
				C5091C852B5C4D8B0091896F /* Macboard.entitlements */,
				C566FB912B6FD4D9005E7FC0 /* Assets.xcassets */,
				C5091C822B5C4D8B0091896F /* Preview Content */,
			);
			path = Macboard;
			sourceTree = "<group>";
		};
		C5091C822B5C4D8B0091896F /* Preview Content */ = {
			isa = PBXGroup;
			children = (
				C5091C832B5C4D8B0091896F /* Preview Assets.xcassets */,
			);
			path = "Preview Content";
			sourceTree = "<group>";
		};
		C56E675A2B6B9B4100AE7CE7 /* Models */ = {
			isa = PBXGroup;
			children = (
				C56E675B2B6B9B5900AE7CE7 /* DataModel */,
			);
			path = Models;
			sourceTree = "<group>";
		};
		C56E675B2B6B9B5900AE7CE7 /* DataModel */ = {
			isa = PBXGroup;
			children = (
				C56E675C2B6B9BC800AE7CE7 /* ClipboardItem.xcdatamodeld */,
				C5CEB1482B6BB8D600495EE3 /* PersistanceController.swift */,
			);
			path = DataModel;
			sourceTree = "<group>";
		};
		C57241E82B67CF5900703101 /* MacboardTests */ = {
			isa = PBXGroup;
			children = (
				C57241E92B67CF5900703101 /* MacboardTests.swift */,
			);
			path = MacboardTests;
			sourceTree = "<group>";
		};
		C5A5BC912B6268CC00104D06 /* Extensions */ = {
			isa = PBXGroup;
			children = (
				C5D534AE2B604F8E00074920 /* Bool+Comparable.swift */,
				C5A5BC922B62692000104D06 /* String++.swift */,
				C5A5BC972B626A8800104D06 /* Date+TimeAgo.swift */,
				C5230DCE2B6B6E7900B6E8F7 /* View++.swift */,
			);
			path = Extensions;
			sourceTree = "<group>";
		};
		C5A5BC962B6269DE00104D06 /* Helpers */ = {
			isa = PBXGroup;
			children = (
				C5D534B02B604FE000074920 /* ViewHelper.swift */,
				C506F0B82B5FBECF0031F4D2 /* DataHelper.swift */,
				C5A5BC992B626EEC00104D06 /* Functions.swift */,
			);
			path = Helpers;
			sourceTree = "<group>";
		};
/* End PBXGroup section */

/* Begin PBXNativeTarget section */
		C5091C782B5C4D8A0091896F /* Macboard */ = {
			isa = PBXNativeTarget;
			buildConfigurationList = C5091C882B5C4D8B0091896F /* Build configuration list for PBXNativeTarget "Macboard" */;
			buildPhases = (
				C5091C752B5C4D8A0091896F /* Sources */,
				C5091C762B5C4D8A0091896F /* Frameworks */,
				C5091C772B5C4D8A0091896F /* Resources */,
			);
			buildRules = (
			);
			dependencies = (
			);
			name = Macboard;
			packageProductDependencies = (
				C5CF08002B6AE42B00B03EB5 /* HotKey */,
				C505C1D92B6CBDE300DA4E62 /* PopupView */,
			);
			productName = Macboard;
			productReference = C5091C792B5C4D8A0091896F /* Macboard.app */;
			productType = "com.apple.product-type.application";
		};
		C57241E62B67CF5900703101 /* MacboardTests */ = {
			isa = PBXNativeTarget;
			buildConfigurationList = C57241EF2B67CF5900703101 /* Build configuration list for PBXNativeTarget "MacboardTests" */;
			buildPhases = (
				C57241E32B67CF5900703101 /* Sources */,
				C57241E42B67CF5900703101 /* Frameworks */,
				C57241E52B67CF5900703101 /* Resources */,
			);
			buildRules = (
			);
			dependencies = (
				C57241EC2B67CF5900703101 /* PBXTargetDependency */,
			);
			name = MacboardTests;
			productName = MacboardTests;
			productReference = C57241E72B67CF5900703101 /* MacboardTests.xctest */;
			productType = "com.apple.product-type.bundle.unit-test";
		};
/* End PBXNativeTarget section */

/* Begin PBXProject section */
		C5091C712B5C4D8A0091896F /* Project object */ = {
			isa = PBXProject;
			attributes = {
				BuildIndependentTargetsInParallel = 1;
				LastSwiftUpdateCheck = 1520;
				LastUpgradeCheck = 1520;
				TargetAttributes = {
					C5091C782B5C4D8A0091896F = {
						CreatedOnToolsVersion = 15.2;
					};
					C57241E62B67CF5900703101 = {
						CreatedOnToolsVersion = 15.2;
						TestTargetID = C5091C782B5C4D8A0091896F;
					};
				};
			};
			buildConfigurationList = C5091C742B5C4D8A0091896F /* Build configuration list for PBXProject "Macboard" */;
			compatibilityVersion = "Xcode 14.0";
			developmentRegion = en;
			hasScannedForEncodings = 0;
			knownRegions = (
				en,
				Base,
			);
			mainGroup = C5091C702B5C4D8A0091896F;
			packageReferences = (
				C5CF07FF2B6AE42B00B03EB5 /* XCRemoteSwiftPackageReference "HotKey" */,
				C505C1D82B6CBDE300DA4E62 /* XCRemoteSwiftPackageReference "PopupView" */,
			);
			productRefGroup = C5091C7A2B5C4D8A0091896F /* Products */;
			projectDirPath = "";
			projectRoot = "";
			targets = (
				C5091C782B5C4D8A0091896F /* Macboard */,
				C57241E62B67CF5900703101 /* MacboardTests */,
			);
		};
/* End PBXProject section */

/* Begin PBXResourcesBuildPhase section */
		C5091C772B5C4D8A0091896F /* Resources */ = {
			isa = PBXResourcesBuildPhase;
			buildActionMask = 2147483647;
			files = (
				C5F406332B749C4700CBA249 /* Assets.xcassets in Resources */,
				C5091C842B5C4D8B0091896F /* Preview Assets.xcassets in Resources */,
			);
			runOnlyForDeploymentPostprocessing = 0;
		};
		C57241E52B67CF5900703101 /* Resources */ = {
			isa = PBXResourcesBuildPhase;
			buildActionMask = 2147483647;
			files = (
			);
			runOnlyForDeploymentPostprocessing = 0;
		};
/* End PBXResourcesBuildPhase section */

/* Begin PBXSourcesBuildPhase section */
		C5091C752B5C4D8A0091896F /* Sources */ = {
			isa = PBXSourcesBuildPhase;
			buildActionMask = 2147483647;
			files = (
				C5D534B12B604FE000074920 /* ViewHelper.swift in Sources */,
				C553CEDC2B5C57BB00EC82F1 /* ClipboardItems.swift in Sources */,
				C506F0B92B5FBECF0031F4D2 /* DataHelper.swift in Sources */,
				C5A5BC9A2B626EEC00104D06 /* Functions.swift in Sources */,
				C56E675E2B6B9BC800AE7CE7 /* ClipboardItem.xcdatamodeld in Sources */,
				C5A5BC932B62692000104D06 /* String++.swift in Sources */,
				C5CEB1492B6BB8D600495EE3 /* PersistanceController.swift in Sources */,
				C505C1D72B6CB57700DA4E62 /* SettingsView.swift in Sources */,
				C5D534AF2B604F8E00074920 /* Bool+Comparable.swift in Sources */,
				C505C1D52B6CB4EC00DA4E62 /* AppDelegate.swift in Sources */,
				C5DBE0DB2B62493000418163 /* DetailedView.swift in Sources */,
				C5230DCF2B6B6E7900B6E8F7 /* View++.swift in Sources */,
				C5A5BC982B626A8800104D06 /* Date+TimeAgo.swift in Sources */,
				C5091C7D2B5C4D8A0091896F /* MacboardApp.swift in Sources */,
			);
			runOnlyForDeploymentPostprocessing = 0;
		};
		C57241E32B67CF5900703101 /* Sources */ = {
			isa = PBXSourcesBuildPhase;
			buildActionMask = 2147483647;
			files = (
				C57241EA2B67CF5900703101 /* MacboardTests.swift in Sources */,
			);
			runOnlyForDeploymentPostprocessing = 0;
		};
/* End PBXSourcesBuildPhase section */

/* Begin PBXTargetDependency section */
		C57241EC2B67CF5900703101 /* PBXTargetDependency */ = {
			isa = PBXTargetDependency;
			target = C5091C782B5C4D8A0091896F /* Macboard */;
			targetProxy = C57241EB2B67CF5900703101 /* PBXContainerItemProxy */;
		};
/* End PBXTargetDependency section */

/* Begin XCBuildConfiguration section */
		C5091C862B5C4D8B0091896F /* Debug */ = {
			isa = XCBuildConfiguration;
			buildSettings = {
				ALWAYS_SEARCH_USER_PATHS = NO;
				ASSETCATALOG_COMPILER_GENERATE_SWIFT_ASSET_SYMBOL_EXTENSIONS = YES;
				CLANG_ANALYZER_NONNULL = YES;
				CLANG_ANALYZER_NUMBER_OBJECT_CONVERSION = YES_AGGRESSIVE;
				CLANG_CXX_LANGUAGE_STANDARD = "gnu++20";
				CLANG_ENABLE_MODULES = YES;
				CLANG_ENABLE_OBJC_ARC = YES;
				CLANG_ENABLE_OBJC_WEAK = YES;
				CLANG_WARN_BLOCK_CAPTURE_AUTORELEASING = YES;
				CLANG_WARN_BOOL_CONVERSION = YES;
				CLANG_WARN_COMMA = YES;
				CLANG_WARN_CONSTANT_CONVERSION = YES;
				CLANG_WARN_DEPRECATED_OBJC_IMPLEMENTATIONS = YES;
				CLANG_WARN_DIRECT_OBJC_ISA_USAGE = YES_ERROR;
				CLANG_WARN_DOCUMENTATION_COMMENTS = YES;
				CLANG_WARN_EMPTY_BODY = YES;
				CLANG_WARN_ENUM_CONVERSION = YES;
				CLANG_WARN_INFINITE_RECURSION = YES;
				CLANG_WARN_INT_CONVERSION = YES;
				CLANG_WARN_NON_LITERAL_NULL_CONVERSION = YES;
				CLANG_WARN_OBJC_IMPLICIT_RETAIN_SELF = YES;
				CLANG_WARN_OBJC_LITERAL_CONVERSION = YES;
				CLANG_WARN_OBJC_ROOT_CLASS = YES_ERROR;
				CLANG_WARN_QUOTED_INCLUDE_IN_FRAMEWORK_HEADER = YES;
				CLANG_WARN_RANGE_LOOP_ANALYSIS = YES;
				CLANG_WARN_STRICT_PROTOTYPES = YES;
				CLANG_WARN_SUSPICIOUS_MOVE = YES;
				CLANG_WARN_UNGUARDED_AVAILABILITY = YES_AGGRESSIVE;
				CLANG_WARN_UNREACHABLE_CODE = YES;
				CLANG_WARN__DUPLICATE_METHOD_MATCH = YES;
				COPY_PHASE_STRIP = NO;
				DEBUG_INFORMATION_FORMAT = dwarf;
				ENABLE_STRICT_OBJC_MSGSEND = YES;
				ENABLE_TESTABILITY = YES;
				ENABLE_USER_SCRIPT_SANDBOXING = YES;
				GCC_C_LANGUAGE_STANDARD = gnu17;
				GCC_DYNAMIC_NO_PIC = NO;
				GCC_NO_COMMON_BLOCKS = YES;
				GCC_OPTIMIZATION_LEVEL = 0;
				GCC_PREPROCESSOR_DEFINITIONS = (
					"DEBUG=1",
					"$(inherited)",
				);
				GCC_WARN_64_TO_32_BIT_CONVERSION = YES;
				GCC_WARN_ABOUT_RETURN_TYPE = YES_ERROR;
				GCC_WARN_UNDECLARED_SELECTOR = YES;
				GCC_WARN_UNINITIALIZED_AUTOS = YES_AGGRESSIVE;
				GCC_WARN_UNUSED_FUNCTION = YES;
				GCC_WARN_UNUSED_VARIABLE = YES;
				LOCALIZATION_PREFERS_STRING_CATALOGS = YES;
				MACOSX_DEPLOYMENT_TARGET = 13.0;
				MTL_ENABLE_DEBUG_INFO = INCLUDE_SOURCE;
				MTL_FAST_MATH = YES;
				ONLY_ACTIVE_ARCH = YES;
				SDKROOT = macosx;
				SWIFT_ACTIVE_COMPILATION_CONDITIONS = "DEBUG $(inherited)";
				SWIFT_OPTIMIZATION_LEVEL = "-Onone";
			};
			name = Debug;
		};
		C5091C872B5C4D8B0091896F /* Release */ = {
			isa = XCBuildConfiguration;
			buildSettings = {
				ALWAYS_SEARCH_USER_PATHS = NO;
				ASSETCATALOG_COMPILER_GENERATE_SWIFT_ASSET_SYMBOL_EXTENSIONS = YES;
				CLANG_ANALYZER_NONNULL = YES;
				CLANG_ANALYZER_NUMBER_OBJECT_CONVERSION = YES_AGGRESSIVE;
				CLANG_CXX_LANGUAGE_STANDARD = "gnu++20";
				CLANG_ENABLE_MODULES = YES;
				CLANG_ENABLE_OBJC_ARC = YES;
				CLANG_ENABLE_OBJC_WEAK = YES;
				CLANG_WARN_BLOCK_CAPTURE_AUTORELEASING = YES;
				CLANG_WARN_BOOL_CONVERSION = YES;
				CLANG_WARN_COMMA = YES;
				CLANG_WARN_CONSTANT_CONVERSION = YES;
				CLANG_WARN_DEPRECATED_OBJC_IMPLEMENTATIONS = YES;
				CLANG_WARN_DIRECT_OBJC_ISA_USAGE = YES_ERROR;
				CLANG_WARN_DOCUMENTATION_COMMENTS = YES;
				CLANG_WARN_EMPTY_BODY = YES;
				CLANG_WARN_ENUM_CONVERSION = YES;
				CLANG_WARN_INFINITE_RECURSION = YES;
				CLANG_WARN_INT_CONVERSION = YES;
				CLANG_WARN_NON_LITERAL_NULL_CONVERSION = YES;
				CLANG_WARN_OBJC_IMPLICIT_RETAIN_SELF = YES;
				CLANG_WARN_OBJC_LITERAL_CONVERSION = YES;
				CLANG_WARN_OBJC_ROOT_CLASS = YES_ERROR;
				CLANG_WARN_QUOTED_INCLUDE_IN_FRAMEWORK_HEADER = YES;
				CLANG_WARN_RANGE_LOOP_ANALYSIS = YES;
				CLANG_WARN_STRICT_PROTOTYPES = YES;
				CLANG_WARN_SUSPICIOUS_MOVE = YES;
				CLANG_WARN_UNGUARDED_AVAILABILITY = YES_AGGRESSIVE;
				CLANG_WARN_UNREACHABLE_CODE = YES;
				CLANG_WARN__DUPLICATE_METHOD_MATCH = YES;
				COPY_PHASE_STRIP = NO;
				DEBUG_INFORMATION_FORMAT = "dwarf-with-dsym";
				ENABLE_NS_ASSERTIONS = NO;
				ENABLE_STRICT_OBJC_MSGSEND = YES;
				ENABLE_USER_SCRIPT_SANDBOXING = YES;
				GCC_C_LANGUAGE_STANDARD = gnu17;
				GCC_NO_COMMON_BLOCKS = YES;
				GCC_WARN_64_TO_32_BIT_CONVERSION = YES;
				GCC_WARN_ABOUT_RETURN_TYPE = YES_ERROR;
				GCC_WARN_UNDECLARED_SELECTOR = YES;
				GCC_WARN_UNINITIALIZED_AUTOS = YES_AGGRESSIVE;
				GCC_WARN_UNUSED_FUNCTION = YES;
				GCC_WARN_UNUSED_VARIABLE = YES;
				LOCALIZATION_PREFERS_STRING_CATALOGS = YES;
				MACOSX_DEPLOYMENT_TARGET = 13.0;
				MTL_ENABLE_DEBUG_INFO = NO;
				MTL_FAST_MATH = YES;
				SDKROOT = macosx;
				SWIFT_COMPILATION_MODE = wholemodule;
			};
			name = Release;
		};
		C5091C892B5C4D8B0091896F /* Debug */ = {
			isa = XCBuildConfiguration;
			buildSettings = {
				ASSETCATALOG_COMPILER_APPICON_NAME = AppIcon;
				ASSETCATALOG_COMPILER_GLOBAL_ACCENT_COLOR_NAME = AccentColor;
				CODE_SIGN_ENTITLEMENTS = Macboard/Macboard.entitlements;
				"CODE_SIGN_IDENTITY[sdk=macosx*]" = "-";
				CODE_SIGN_STYLE = Automatic;
				COMBINE_HIDPI_IMAGES = YES;
				CURRENT_PROJECT_VERSION = 1;
				DEVELOPMENT_ASSET_PATHS = "\"Macboard/Preview Content\"";
				DEVELOPMENT_TEAM = "";
				ENABLE_HARDENED_RUNTIME = YES;
				ENABLE_PREVIEWS = YES;
				GENERATE_INFOPLIST_FILE = YES;
				INFOPLIST_FILE = Macboard/Info.plist;
				INFOPLIST_KEY_CFBundleDisplayName = "";
				INFOPLIST_KEY_LSApplicationCategoryType = "public.app-category.productivity";
				INFOPLIST_KEY_LSUIElement = YES;
				INFOPLIST_KEY_NSHumanReadableCopyright = "";
				LD_RUNPATH_SEARCH_PATHS = (
					"$(inherited)",
					"@executable_path/../Frameworks",
				);
				MARKETING_VERSION = 1.1;
				PRODUCT_BUNDLE_IDENTIFIER = com.saumya.Macboard;
				PRODUCT_NAME = "$(TARGET_NAME)";
				SWIFT_EMIT_LOC_STRINGS = YES;
				SWIFT_VERSION = 5.0;
			};
			name = Debug;
		};
		C5091C8A2B5C4D8B0091896F /* Release */ = {
			isa = XCBuildConfiguration;
			buildSettings = {
				ASSETCATALOG_COMPILER_APPICON_NAME = AppIcon;
				ASSETCATALOG_COMPILER_GLOBAL_ACCENT_COLOR_NAME = AccentColor;
				CODE_SIGN_ENTITLEMENTS = Macboard/Macboard.entitlements;
				"CODE_SIGN_IDENTITY[sdk=macosx*]" = "-";
				CODE_SIGN_STYLE = Automatic;
				COMBINE_HIDPI_IMAGES = YES;
				CURRENT_PROJECT_VERSION = 1;
				DEVELOPMENT_ASSET_PATHS = "\"Macboard/Preview Content\"";
				DEVELOPMENT_TEAM = "";
				ENABLE_HARDENED_RUNTIME = YES;
				ENABLE_PREVIEWS = YES;
				GENERATE_INFOPLIST_FILE = YES;
				INFOPLIST_FILE = Macboard/Info.plist;
				INFOPLIST_KEY_CFBundleDisplayName = "";
				"INFOPLIST_KEY_CFBundleDisplayName[sdk=*]" = Macboard;
				INFOPLIST_KEY_LSApplicationCategoryType = "public.app-category.productivity";
				INFOPLIST_KEY_LSUIElement = YES;
				INFOPLIST_KEY_NSHumanReadableCopyright = "";
				LD_RUNPATH_SEARCH_PATHS = (
					"$(inherited)",
					"@executable_path/../Frameworks",
				);
				MARKETING_VERSION = 1.1;
				PRODUCT_BUNDLE_IDENTIFIER = com.saumya.Macboard;
				PRODUCT_NAME = "$(TARGET_NAME)";
				SWIFT_EMIT_LOC_STRINGS = YES;
				SWIFT_VERSION = 5.0;
			};
			name = Release;
		};
		C57241ED2B67CF5900703101 /* Debug */ = {
			isa = XCBuildConfiguration;
			buildSettings = {
				BUNDLE_LOADER = "$(TEST_HOST)";
				CODE_SIGN_STYLE = Automatic;
				CURRENT_PROJECT_VERSION = 1;
				GENERATE_INFOPLIST_FILE = YES;
				INFOPLIST_KEY_LSUIElement = YES;
				MACOSX_DEPLOYMENT_TARGET = 14.0;
				MARKETING_VERSION = 1.0;
				PRODUCT_BUNDLE_IDENTIFIER = com.saumya.MacboardTests;
				PRODUCT_NAME = "$(TARGET_NAME)";
				SWIFT_EMIT_LOC_STRINGS = NO;
				SWIFT_VERSION = 5.0;
				TEST_HOST = "$(BUILT_PRODUCTS_DIR)/Macboard.app/$(BUNDLE_EXECUTABLE_FOLDER_PATH)/Macboard";
			};
			name = Debug;
		};
		C57241EE2B67CF5900703101 /* Release */ = {
			isa = XCBuildConfiguration;
			buildSettings = {
				BUNDLE_LOADER = "$(TEST_HOST)";
				CODE_SIGN_STYLE = Automatic;
				CURRENT_PROJECT_VERSION = 1;
				GENERATE_INFOPLIST_FILE = YES;
				INFOPLIST_KEY_LSUIElement = YES;
				MACOSX_DEPLOYMENT_TARGET = 14.0;
				MARKETING_VERSION = 1.0;
				PRODUCT_BUNDLE_IDENTIFIER = com.saumya.MacboardTests;
				PRODUCT_NAME = "$(TARGET_NAME)";
				SWIFT_EMIT_LOC_STRINGS = NO;
				SWIFT_VERSION = 5.0;
				TEST_HOST = "$(BUILT_PRODUCTS_DIR)/Macboard.app/$(BUNDLE_EXECUTABLE_FOLDER_PATH)/Macboard";
			};
			name = Release;
		};
/* End XCBuildConfiguration section */

/* Begin XCConfigurationList section */
		C5091C742B5C4D8A0091896F /* Build configuration list for PBXProject "Macboard" */ = {
			isa = XCConfigurationList;
			buildConfigurations = (
				C5091C862B5C4D8B0091896F /* Debug */,
				C5091C872B5C4D8B0091896F /* Release */,
			);
			defaultConfigurationIsVisible = 0;
			defaultConfigurationName = Release;
		};
		C5091C882B5C4D8B0091896F /* Build configuration list for PBXNativeTarget "Macboard" */ = {
			isa = XCConfigurationList;
			buildConfigurations = (
				C5091C892B5C4D8B0091896F /* Debug */,
				C5091C8A2B5C4D8B0091896F /* Release */,
			);
			defaultConfigurationIsVisible = 0;
			defaultConfigurationName = Release;
		};
		C57241EF2B67CF5900703101 /* Build configuration list for PBXNativeTarget "MacboardTests" */ = {
			isa = XCConfigurationList;
			buildConfigurations = (
				C57241ED2B67CF5900703101 /* Debug */,
				C57241EE2B67CF5900703101 /* Release */,
			);
			defaultConfigurationIsVisible = 0;
			defaultConfigurationName = Release;
		};
/* End XCConfigurationList section */

/* Begin XCRemoteSwiftPackageReference section */
		C505C1D82B6CBDE300DA4E62 /* XCRemoteSwiftPackageReference "PopupView" */ = {
			isa = XCRemoteSwiftPackageReference;
			repositoryURL = "https://github.com/exyte/PopupView";
			requirement = {
				kind = upToNextMajorVersion;
				minimumVersion = 2.8.4;
			};
		};
		C5CF07FF2B6AE42B00B03EB5 /* XCRemoteSwiftPackageReference "HotKey" */ = {
			isa = XCRemoteSwiftPackageReference;
			repositoryURL = "https://github.com/soffes/HotKey";
			requirement = {
				branch = main;
				kind = branch;
			};
		};
/* End XCRemoteSwiftPackageReference section */

/* Begin XCSwiftPackageProductDependency section */
		C505C1D92B6CBDE300DA4E62 /* PopupView */ = {
			isa = XCSwiftPackageProductDependency;
			package = C505C1D82B6CBDE300DA4E62 /* XCRemoteSwiftPackageReference "PopupView" */;
			productName = PopupView;
		};
		C5CF08002B6AE42B00B03EB5 /* HotKey */ = {
			isa = XCSwiftPackageProductDependency;
			package = C5CF07FF2B6AE42B00B03EB5 /* XCRemoteSwiftPackageReference "HotKey" */;
			productName = HotKey;
		};
/* End XCSwiftPackageProductDependency section */

/* Begin XCVersionGroup section */
		C56E675C2B6B9BC800AE7CE7 /* ClipboardItem.xcdatamodeld */ = {
			isa = XCVersionGroup;
			children = (
				C56E675D2B6B9BC800AE7CE7 /* ClipboardItem.xcdatamodel */,
			);
			currentVersion = C56E675D2B6B9BC800AE7CE7 /* ClipboardItem.xcdatamodel */;
			path = ClipboardItem.xcdatamodeld;
			sourceTree = "<group>";
			versionGroupType = wrapper.xcdatamodel;
		};
/* End XCVersionGroup section */
	};
	rootObject = C5091C712B5C4D8A0091896F /* Project object */;
}
