// !$*UTF8*$!
{
	archiveVersion = 1;
	classes = {
	};
	objectVersion = 56;
	objects = {

/* Begin PBXBuildFile section */
		C506F0B92B5FBECF0031F4D2 /* DataHelper.swift in Sources */ = {isa = PBXBuildFile; fileRef = C506F0B82B5FBECF0031F4D2 /* DataHelper.swift */; };
		C5091C7D2B5C4D8A0091896F /* MacboardApp.swift in Sources */ = {isa = PBXBuildFile; fileRef = C5091C7C2B5C4D8A0091896F /* MacboardApp.swift */; };
		C5091C812B5C4D8B0091896F /* Assets.xcassets in Resources */ = {isa = PBXBuildFile; fileRef = C5091C802B5C4D8B0091896F /* Assets.xcassets */; };
		C5091C842B5C4D8B0091896F /* Preview Assets.xcassets in Resources */ = {isa = PBXBuildFile; fileRef = C5091C832B5C4D8B0091896F /* Preview Assets.xcassets */; };
		C553CEDC2B5C57BB00EC82F1 /* ClipboardItems.swift in Sources */ = {isa = PBXBuildFile; fileRef = C553CEDB2B5C57BB00EC82F1 /* ClipboardItems.swift */; };
		C5A5BC932B62692000104D06 /* String+isValidURL+isNum.swift in Sources */ = {isa = PBXBuildFile; fileRef = C5A5BC922B62692000104D06 /* String+isValidURL+isNum.swift */; };
		C5A5BC952B62694300104D06 /* View+Toast.swift in Sources */ = {isa = PBXBuildFile; fileRef = C5A5BC942B62694300104D06 /* View+Toast.swift */; };
		C5A5BC982B626A8800104D06 /* Date+TimeAgo.swift in Sources */ = {isa = PBXBuildFile; fileRef = C5A5BC972B626A8800104D06 /* Date+TimeAgo.swift */; };
		C5A5BC9A2B626EEC00104D06 /* Functions.swift in Sources */ = {isa = PBXBuildFile; fileRef = C5A5BC992B626EEC00104D06 /* Functions.swift */; };
		C5D534AF2B604F8E00074920 /* Bool+Comparable.swift in Sources */ = {isa = PBXBuildFile; fileRef = C5D534AE2B604F8E00074920 /* Bool+Comparable.swift */; };
		C5D534B12B604FE000074920 /* ViewHelper.swift in Sources */ = {isa = PBXBuildFile; fileRef = C5D534B02B604FE000074920 /* ViewHelper.swift */; };
		C5DBE0DB2B62493000418163 /* DetailedView.swift in Sources */ = {isa = PBXBuildFile; fileRef = C5DBE0DA2B62493000418163 /* DetailedView.swift */; };
/* End PBXBuildFile section */

/* Begin PBXFileReference section */
		C506F0B82B5FBECF0031F4D2 /* DataHelper.swift */ = {isa = PBXFileReference; lastKnownFileType = sourcecode.swift; path = DataHelper.swift; sourceTree = "<group>"; };
		C5091C792B5C4D8A0091896F /* Macboard.app */ = {isa = PBXFileReference; explicitFileType = wrapper.application; includeInIndex = 0; path = Macboard.app; sourceTree = BUILT_PRODUCTS_DIR; };
		C5091C7C2B5C4D8A0091896F /* MacboardApp.swift */ = {isa = PBXFileReference; lastKnownFileType = sourcecode.swift; path = MacboardApp.swift; sourceTree = "<group>"; };
		C5091C802B5C4D8B0091896F /* Assets.xcassets */ = {isa = PBXFileReference; lastKnownFileType = folder.assetcatalog; path = Assets.xcassets; sourceTree = "<group>"; };
		C5091C832B5C4D8B0091896F /* Preview Assets.xcassets */ = {isa = PBXFileReference; lastKnownFileType = folder.assetcatalog; path = "Preview Assets.xcassets"; sourceTree = "<group>"; };
		C5091C852B5C4D8B0091896F /* Macboard.entitlements */ = {isa = PBXFileReference; lastKnownFileType = text.plist.entitlements; path = Macboard.entitlements; sourceTree = "<group>"; };
		C553CEDB2B5C57BB00EC82F1 /* ClipboardItems.swift */ = {isa = PBXFileReference; lastKnownFileType = sourcecode.swift; path = ClipboardItems.swift; sourceTree = "<group>"; };
		C5A5BC922B62692000104D06 /* String+isValidURL+isNum.swift */ = {isa = PBXFileReference; lastKnownFileType = sourcecode.swift; path = "String+isValidURL+isNum.swift"; sourceTree = "<group>"; };
		C5A5BC942B62694300104D06 /* View+Toast.swift */ = {isa = PBXFileReference; lastKnownFileType = sourcecode.swift; path = "View+Toast.swift"; sourceTree = "<group>"; };
		C5A5BC972B626A8800104D06 /* Date+TimeAgo.swift */ = {isa = PBXFileReference; lastKnownFileType = sourcecode.swift; path = "Date+TimeAgo.swift"; sourceTree = "<group>"; };
		C5A5BC992B626EEC00104D06 /* Functions.swift */ = {isa = PBXFileReference; lastKnownFileType = sourcecode.swift; path = Functions.swift; sourceTree = "<group>"; };
		C5D534AE2B604F8E00074920 /* Bool+Comparable.swift */ = {isa = PBXFileReference; lastKnownFileType = sourcecode.swift; path = "Bool+Comparable.swift"; sourceTree = "<group>"; };
		C5D534B02B604FE000074920 /* ViewHelper.swift */ = {isa = PBXFileReference; lastKnownFileType = sourcecode.swift; path = ViewHelper.swift; sourceTree = "<group>"; };
		C5DBE0DA2B62493000418163 /* DetailedView.swift */ = {isa = PBXFileReference; lastKnownFileType = sourcecode.swift; path = DetailedView.swift; sourceTree = "<group>"; };
/* End PBXFileReference section */

/* Begin PBXFrameworksBuildPhase section */
		C5091C762B5C4D8A0091896F /* Frameworks */ = {
			isa = PBXFrameworksBuildPhase;
			buildActionMask = 2147483647;
			files = (
			);
			runOnlyForDeploymentPostprocessing = 0;
		};
/* End PBXFrameworksBuildPhase section */

/* Begin PBXGroup section */
		C5091C702B5C4D8A0091896F = {
			isa = PBXGroup;
			children = (
				C5091C7B2B5C4D8A0091896F /* Macboard */,
				C5091C7A2B5C4D8A0091896F /* Products */,
			);
			sourceTree = "<group>";
		};
		C5091C7A2B5C4D8A0091896F /* Products */ = {
			isa = PBXGroup;
			children = (
				C5091C792B5C4D8A0091896F /* Macboard.app */,
			);
			name = Products;
			sourceTree = "<group>";
		};
		C5091C7B2B5C4D8A0091896F /* Macboard */ = {
			isa = PBXGroup;
			children = (
				C5A5BC962B6269DE00104D06 /* Helpers */,
				C5A5BC912B6268CC00104D06 /* Extensions */,
				C5091C7C2B5C4D8A0091896F /* MacboardApp.swift */,
				C553CEDB2B5C57BB00EC82F1 /* ClipboardItems.swift */,
				C5DBE0DA2B62493000418163 /* DetailedView.swift */,
				C5091C802B5C4D8B0091896F /* Assets.xcassets */,
				C5091C852B5C4D8B0091896F /* Macboard.entitlements */,
				C5091C822B5C4D8B0091896F /* Preview Content */,
			);
			path = Macboard;
			sourceTree = "<group>";
		};
		C5091C822B5C4D8B0091896F /* Preview Content */ = {
			isa = PBXGroup;
			children = (
				C5091C832B5C4D8B0091896F /* Preview Assets.xcassets */,
			);
			path = "Preview Content";
			sourceTree = "<group>";
		};
		C5A5BC912B6268CC00104D06 /* Extensions */ = {
			isa = PBXGroup;
			children = (
				C5D534AE2B604F8E00074920 /* Bool+Comparable.swift */,
				C5A5BC922B62692000104D06 /* String+isValidURL+isNum.swift */,
				C5A5BC942B62694300104D06 /* View+Toast.swift */,
				C5A5BC972B626A8800104D06 /* Date+TimeAgo.swift */,
			);
			path = Extensions;
			sourceTree = "<group>";
		};
		C5A5BC962B6269DE00104D06 /* Helpers */ = {
			isa = PBXGroup;
			children = (
				C5D534B02B604FE000074920 /* ViewHelper.swift */,
				C506F0B82B5FBECF0031F4D2 /* DataHelper.swift */,
				C5A5BC992B626EEC00104D06 /* Functions.swift */,
			);
			path = Helpers;
			sourceTree = "<group>";
		};
/* End PBXGroup section */

/* Begin PBXNativeTarget section */
		C5091C782B5C4D8A0091896F /* Macboard */ = {
			isa = PBXNativeTarget;
			buildConfigurationList = C5091C882B5C4D8B0091896F /* Build configuration list for PBXNativeTarget "Macboard" */;
			buildPhases = (
				C5091C752B5C4D8A0091896F /* Sources */,
				C5091C762B5C4D8A0091896F /* Frameworks */,
				C5091C772B5C4D8A0091896F /* Resources */,
			);
			buildRules = (
			);
			dependencies = (
			);
			name = Macboard;
			packageProductDependencies = (
			);
			productName = Macboard;
			productReference = C5091C792B5C4D8A0091896F /* Macboard.app */;
			productType = "com.apple.product-type.application";
		};
/* End PBXNativeTarget section */

/* Begin PBXProject section */
		C5091C712B5C4D8A0091896F /* Project object */ = {
			isa = PBXProject;
			attributes = {
				BuildIndependentTargetsInParallel = 1;
				LastSwiftUpdateCheck = 1520;
				LastUpgradeCheck = 1520;
				TargetAttributes = {
					C5091C782B5C4D8A0091896F = {
						CreatedOnToolsVersion = 15.2;
					};
				};
			};
			buildConfigurationList = C5091C742B5C4D8A0091896F /* Build configuration list for PBXProject "Macboard" */;
			compatibilityVersion = "Xcode 14.0";
			developmentRegion = en;
			hasScannedForEncodings = 0;
			knownRegions = (
				en,
				Base,
			);
			mainGroup = C5091C702B5C4D8A0091896F;
			packageReferences = (
			);
			productRefGroup = C5091C7A2B5C4D8A0091896F /* Products */;
			projectDirPath = "";
			projectRoot = "";
			targets = (
				C5091C782B5C4D8A0091896F /* Macboard */,
			);
		};
/* End PBXProject section */

/* Begin PBXResourcesBuildPhase section */
		C5091C772B5C4D8A0091896F /* Resources */ = {
			isa = PBXResourcesBuildPhase;
			buildActionMask = 2147483647;
			files = (
				C5091C842B5C4D8B0091896F /* Preview Assets.xcassets in Resources */,
				C5091C812B5C4D8B0091896F /* Assets.xcassets in Resources */,
			);
			runOnlyForDeploymentPostprocessing = 0;
		};
/* End PBXResourcesBuildPhase section */

/* Begin PBXSourcesBuildPhase section */
		C5091C752B5C4D8A0091896F /* Sources */ = {
			isa = PBXSourcesBuildPhase;
			buildActionMask = 2147483647;
			files = (
				C5D534B12B604FE000074920 /* ViewHelper.swift in Sources */,
				C553CEDC2B5C57BB00EC82F1 /* ClipboardItems.swift in Sources */,
				C506F0B92B5FBECF0031F4D2 /* DataHelper.swift in Sources */,
				C5A5BC9A2B626EEC00104D06 /* Functions.swift in Sources */,
				C5A5BC932B62692000104D06 /* String+isValidURL+isNum.swift in Sources */,
				C5D534AF2B604F8E00074920 /* Bool+Comparable.swift in Sources */,
				C5A5BC952B62694300104D06 /* View+Toast.swift in Sources */,
				C5DBE0DB2B62493000418163 /* DetailedView.swift in Sources */,
				C5A5BC982B626A8800104D06 /* Date+TimeAgo.swift in Sources */,
				C5091C7D2B5C4D8A0091896F /* MacboardApp.swift in Sources */,
			);
			runOnlyForDeploymentPostprocessing = 0;
		};
/* End PBXSourcesBuildPhase section */

/* Begin XCBuildConfiguration section */
		C5091C862B5C4D8B0091896F /* Debug */ = {
			isa = XCBuildConfiguration;
			buildSettings = {
				ALWAYS_SEARCH_USER_PATHS = NO;
				ASSETCATALOG_COMPILER_GENERATE_SWIFT_ASSET_SYMBOL_EXTENSIONS = YES;
				CLANG_ANALYZER_NONNULL = YES;
				CLANG_ANALYZER_NUMBER_OBJECT_CONVERSION = YES_AGGRESSIVE;
				CLANG_CXX_LANGUAGE_STANDARD = "gnu++20";
				CLANG_ENABLE_MODULES = YES;
				CLANG_ENABLE_OBJC_ARC = YES;
				CLANG_ENABLE_OBJC_WEAK = YES;
				CLANG_WARN_BLOCK_CAPTURE_AUTORELEASING = YES;
				CLANG_WARN_BOOL_CONVERSION = YES;
				CLANG_WARN_COMMA = YES;
				CLANG_WARN_CONSTANT_CONVERSION = YES;
				CLANG_WARN_DEPRECATED_OBJC_IMPLEMENTATIONS = YES;
				CLANG_WARN_DIRECT_OBJC_ISA_USAGE = YES_ERROR;
				CLANG_WARN_DOCUMENTATION_COMMENTS = YES;
				CLANG_WARN_EMPTY_BODY = YES;
				CLANG_WARN_ENUM_CONVERSION = YES;
				CLANG_WARN_INFINITE_RECURSION = YES;
				CLANG_WARN_INT_CONVERSION = YES;
				CLANG_WARN_NON_LITERAL_NULL_CONVERSION = YES;
				CLANG_WARN_OBJC_IMPLICIT_RETAIN_SELF = YES;
				CLANG_WARN_OBJC_LITERAL_CONVERSION = YES;
				CLANG_WARN_OBJC_ROOT_CLASS = YES_ERROR;
				CLANG_WARN_QUOTED_INCLUDE_IN_FRAMEWORK_HEADER = YES;
				CLANG_WARN_RANGE_LOOP_ANALYSIS = YES;
				CLANG_WARN_STRICT_PROTOTYPES = YES;
				CLANG_WARN_SUSPICIOUS_MOVE = YES;
				CLANG_WARN_UNGUARDED_AVAILABILITY = YES_AGGRESSIVE;
				CLANG_WARN_UNREACHABLE_CODE = YES;
				CLANG_WARN__DUPLICATE_METHOD_MATCH = YES;
				COPY_PHASE_STRIP = NO;
				DEBUG_INFORMATION_FORMAT = dwarf;
				ENABLE_STRICT_OBJC_MSGSEND = YES;
				ENABLE_TESTABILITY = YES;
				ENABLE_USER_SCRIPT_SANDBOXING = YES;
				GCC_C_LANGUAGE_STANDARD = gnu17;
				GCC_DYNAMIC_NO_PIC = NO;
				GCC_NO_COMMON_BLOCKS = YES;
				GCC_OPTIMIZATION_LEVEL = 0;
				GCC_PREPROCESSOR_DEFINITIONS = (
					"DEBUG=1",
					"$(inherited)",
				);
				GCC_WARN_64_TO_32_BIT_CONVERSION = YES;
				GCC_WARN_ABOUT_RETURN_TYPE = YES_ERROR;
				GCC_WARN_UNDECLARED_SELECTOR = YES;
				GCC_WARN_UNINITIALIZED_AUTOS = YES_AGGRESSIVE;
				GCC_WARN_UNUSED_FUNCTION = YES;
				GCC_WARN_UNUSED_VARIABLE = YES;
				LOCALIZATION_PREFERS_STRING_CATALOGS = YES;
				MACOSX_DEPLOYMENT_TARGET = 14.0;
				MTL_ENABLE_DEBUG_INFO = INCLUDE_SOURCE;
				MTL_FAST_MATH = YES;
				ONLY_ACTIVE_ARCH = YES;
				SDKROOT = macosx;
				SWIFT_ACTIVE_COMPILATION_CONDITIONS = "DEBUG $(inherited)";
				SWIFT_OPTIMIZATION_LEVEL = "-Onone";
			};
			name = Debug;
		};
		C5091C872B5C4D8B0091896F /* Release */ = {
			isa = XCBuildConfiguration;
			buildSettings = {
				ALWAYS_SEARCH_USER_PATHS = NO;
				ASSETCATALOG_COMPILER_GENERATE_SWIFT_ASSET_SYMBOL_EXTENSIONS = YES;
				CLANG_ANALYZER_NONNULL = YES;
				CLANG_ANALYZER_NUMBER_OBJECT_CONVERSION = YES_AGGRESSIVE;
				CLANG_CXX_LANGUAGE_STANDARD = "gnu++20";
				CLANG_ENABLE_MODULES = YES;
				CLANG_ENABLE_OBJC_ARC = YES;
				CLANG_ENABLE_OBJC_WEAK = YES;
				CLANG_WARN_BLOCK_CAPTURE_AUTORELEASING = YES;
				CLANG_WARN_BOOL_CONVERSION = YES;
				CLANG_WARN_COMMA = YES;
				CLANG_WARN_CONSTANT_CONVERSION = YES;
				CLANG_WARN_DEPRECATED_OBJC_IMPLEMENTATIONS = YES;
				CLANG_WARN_DIRECT_OBJC_ISA_USAGE = YES_ERROR;
				CLANG_WARN_DOCUMENTATION_COMMENTS = YES;
				CLANG_WARN_EMPTY_BODY = YES;
				CLANG_WARN_ENUM_CONVERSION = YES;
				CLANG_WARN_INFINITE_RECURSION = YES;
				CLANG_WARN_INT_CONVERSION = YES;
				CLANG_WARN_NON_LITERAL_NULL_CONVERSION = YES;
				CLANG_WARN_OBJC_IMPLICIT_RETAIN_SELF = YES;
				CLANG_WARN_OBJC_LITERAL_CONVERSION = YES;
				CLANG_WARN_OBJC_ROOT_CLASS = YES_ERROR;
				CLANG_WARN_QUOTED_INCLUDE_IN_FRAMEWORK_HEADER = YES;
				CLANG_WARN_RANGE_LOOP_ANALYSIS = YES;
				CLANG_WARN_STRICT_PROTOTYPES = YES;
				CLANG_WARN_SUSPICIOUS_MOVE = YES;
				CLANG_WARN_UNGUARDED_AVAILABILITY = YES_AGGRESSIVE;
				CLANG_WARN_UNREACHABLE_CODE = YES;
				CLANG_WARN__DUPLICATE_METHOD_MATCH = YES;
				COPY_PHASE_STRIP = NO;
				DEBUG_INFORMATION_FORMAT = "dwarf-with-dsym";
				ENABLE_NS_ASSERTIONS = NO;
				ENABLE_STRICT_OBJC_MSGSEND = YES;
				ENABLE_USER_SCRIPT_SANDBOXING = YES;
				GCC_C_LANGUAGE_STANDARD = gnu17;
				GCC_NO_COMMON_BLOCKS = YES;
				GCC_WARN_64_TO_32_BIT_CONVERSION = YES;
				GCC_WARN_ABOUT_RETURN_TYPE = YES_ERROR;
				GCC_WARN_UNDECLARED_SELECTOR = YES;
				GCC_WARN_UNINITIALIZED_AUTOS = YES_AGGRESSIVE;
				GCC_WARN_UNUSED_FUNCTION = YES;
				GCC_WARN_UNUSED_VARIABLE = YES;
				LOCALIZATION_PREFERS_STRING_CATALOGS = YES;
				MACOSX_DEPLOYMENT_TARGET = 14.0;
				MTL_ENABLE_DEBUG_INFO = NO;
				MTL_FAST_MATH = YES;
				SDKROOT = macosx;
				SWIFT_COMPILATION_MODE = wholemodule;
			};
			name = Release;
		};
		C5091C892B5C4D8B0091896F /* Debug */ = {
			isa = XCBuildConfiguration;
			buildSettings = {
				ASSETCATALOG_COMPILER_APPICON_NAME = AppIcon;
				ASSETCATALOG_COMPILER_GLOBAL_ACCENT_COLOR_NAME = AccentColor;
				CODE_SIGN_ENTITLEMENTS = Macboard/Macboard.entitlements;
				CODE_SIGN_STYLE = Automatic;
				COMBINE_HIDPI_IMAGES = YES;
				CURRENT_PROJECT_VERSION = 1;
				DEVELOPMENT_ASSET_PATHS = "\"Macboard/Preview Content\"";
				ENABLE_PREVIEWS = YES;
				GENERATE_INFOPLIST_FILE = YES;
				INFOPLIST_KEY_NSHumanReadableCopyright = "";
				LD_RUNPATH_SEARCH_PATHS = (
					"$(inherited)",
					"@executable_path/../Frameworks",
				);
				MARKETING_VERSION = 1.0;
				PRODUCT_BUNDLE_IDENTIFIER = com.saumya.Macboard;
				PRODUCT_NAME = "$(TARGET_NAME)";
				SWIFT_EMIT_LOC_STRINGS = YES;
				SWIFT_VERSION = 5.0;
			};
			name = Debug;
		};
		C5091C8A2B5C4D8B0091896F /* Release */ = {
			isa = XCBuildConfiguration;
			buildSettings = {
				ASSETCATALOG_COMPILER_APPICON_NAME = AppIcon;
				ASSETCATALOG_COMPILER_GLOBAL_ACCENT_COLOR_NAME = AccentColor;
				CODE_SIGN_ENTITLEMENTS = Macboard/Macboard.entitlements;
				CODE_SIGN_STYLE = Automatic;
				COMBINE_HIDPI_IMAGES = YES;
				CURRENT_PROJECT_VERSION = 1;
				DEVELOPMENT_ASSET_PATHS = "\"Macboard/Preview Content\"";
				ENABLE_PREVIEWS = YES;
				GENERATE_INFOPLIST_FILE = YES;
				INFOPLIST_KEY_NSHumanReadableCopyright = "";
				LD_RUNPATH_SEARCH_PATHS = (
					"$(inherited)",
					"@executable_path/../Frameworks",
				);
				MARKETING_VERSION = 1.0;
				PRODUCT_BUNDLE_IDENTIFIER = com.saumya.Macboard;
				PRODUCT_NAME = "$(TARGET_NAME)";
				SWIFT_EMIT_LOC_STRINGS = YES;
				SWIFT_VERSION = 5.0;
			};
			name = Release;
		};
/* End XCBuildConfiguration section */

/* Begin XCConfigurationList section */
		C5091C742B5C4D8A0091896F /* Build configuration list for PBXProject "Macboard" */ = {
			isa = XCConfigurationList;
			buildConfigurations = (
				C5091C862B5C4D8B0091896F /* Debug */,
				C5091C872B5C4D8B0091896F /* Release */,
			);
			defaultConfigurationIsVisible = 0;
			defaultConfigurationName = Release;
		};
		C5091C882B5C4D8B0091896F /* Build configuration list for PBXNativeTarget "Macboard" */ = {
			isa = XCConfigurationList;
			buildConfigurations = (
				C5091C892B5C4D8B0091896F /* Debug */,
				C5091C8A2B5C4D8B0091896F /* Release */,
			);
			defaultConfigurationIsVisible = 0;
			defaultConfigurationName = Release;
		};
/* End XCConfigurationList section */
	};
	rootObject = C5091C712B5C4D8A0091896F /* Project object */;
}
